// !$*UTF8*$!
{
	archiveVersion = 1;
	classes = {
	};
	objectVersion = 52;
	objects = {

/* Begin PBXBuildFile section */
		26D78E4056FCE9B116EC1C2A /* Pods_Skate_App__iOS_.framework in Frameworks */ = {isa = PBXBuildFile; fileRef = AEA003F43593394274DD8C25 /* Pods_Skate_App__iOS_.framework */; };
		2C06DBE125E502D700429E34 /* GameOverView.swift in Sources */ = {isa = PBXBuildFile; fileRef = 2C06DBE025E502D700429E34 /* GameOverView.swift */; };
		2C06DBE525E50B6900429E34 /* SkateScoreDisplay.swift in Sources */ = {isa = PBXBuildFile; fileRef = 2C06DBE425E50B6900429E34 /* SkateScoreDisplay.swift */; };
		2C06DBEA25E51A6800429E34 /* SkateOptionTry.swift in Sources */ = {isa = PBXBuildFile; fileRef = 2C06DBE925E51A6800429E34 /* SkateOptionTry.swift */; };
		2C06DBEC25E51B2200429E34 /* SkateOptionSet.swift in Sources */ = {isa = PBXBuildFile; fileRef = 2C06DBEB25E51B2200429E34 /* SkateOptionSet.swift */; };
		2C086CFB25FE76E8003DA5E6 /* CheckBox.swift in Sources */ = {isa = PBXBuildFile; fileRef = 2C086CFA25FE76E8003DA5E6 /* CheckBox.swift */; };
		2C1B0BFE25C1B7EA00C0B6F7 /* CurrentUser.swift in Sources */ = {isa = PBXBuildFile; fileRef = 2C1B0BFD25C1B7EA00C0B6F7 /* CurrentUser.swift */; };
		2C1B0C0E25C1E85800C0B6F7 /* TrickViewModel.swift in Sources */ = {isa = PBXBuildFile; fileRef = 2C1B0C0D25C1E85800C0B6F7 /* TrickViewModel.swift */; };
		2C1B0C1225C2C63D00C0B6F7 /* TrickSelectTabView.swift in Sources */ = {isa = PBXBuildFile; fileRef = 2C1B0C1125C2C63D00C0B6F7 /* TrickSelectTabView.swift */; };
		2C2ADBB726038452009D5040 /* PlanEndView.swift in Sources */ = {isa = PBXBuildFile; fileRef = 2C2ADBB626038452009D5040 /* PlanEndView.swift */; };
		2C2C5D2925AEF76F003B8F64 /* LearButtonEffect.swift in Sources */ = {isa = PBXBuildFile; fileRef = 2C2C5D2825AEF76F003B8F64 /* LearButtonEffect.swift */; };
		2C2C5D2D25B0409F003B8F64 /* GradientButtonStyle.swift in Sources */ = {isa = PBXBuildFile; fileRef = 2C2C5D2C25B0409F003B8F64 /* GradientButtonStyle.swift */; };
		2C2C5D3125B086D9003B8F64 /* GameSelectView.swift in Sources */ = {isa = PBXBuildFile; fileRef = 2C2C5D3025B086D9003B8F64 /* GameSelectView.swift */; };
		2C2C5D3725B08A9B003B8F64 /* PlanView.swift in Sources */ = {isa = PBXBuildFile; fileRef = 2C2C5D3625B08A9B003B8F64 /* PlanView.swift */; };
		2C2C5D3B25B09BA7003B8F64 /* GameListElm.swift in Sources */ = {isa = PBXBuildFile; fileRef = 2C2C5D3A25B09BA7003B8F64 /* GameListElm.swift */; };
		2C3F232325DBAD8C000C406F /* TrickListView.swift in Sources */ = {isa = PBXBuildFile; fileRef = 2C3F232225DBAD8C000C406F /* TrickListView.swift */; };
		2C4EC609259A206F000470A1 /* AppView.swift in Sources */ = {isa = PBXBuildFile; fileRef = 2C4EC608259A206F000470A1 /* AppView.swift */; };
		2C528F3125D2731800D30BB6 /* LogInView.swift in Sources */ = {isa = PBXBuildFile; fileRef = 2C528F3025D2731800D30BB6 /* LogInView.swift */; };
		2C6F17DF25BEE9C0001CE0C9 /* PlanIntroView.swift in Sources */ = {isa = PBXBuildFile; fileRef = 2C6F17DE25BEE9C0001CE0C9 /* PlanIntroView.swift */; };
		2C6F17E925C0AD21001CE0C9 /* GoogleService-Info.plist in Resources */ = {isa = PBXBuildFile; fileRef = 2C6F17E825C0AD21001CE0C9 /* GoogleService-Info.plist */; };
		2C754FAE2587B4E100EF4FB3 /* settingsView.swift in Sources */ = {isa = PBXBuildFile; fileRef = 2C754FAD2587B4E100EF4FB3 /* settingsView.swift */; };
		2C7DD3B6260A05DC007FD860 /* LoadingPlaceHolder.swift in Sources */ = {isa = PBXBuildFile; fileRef = 2C7DD3B5260A05DC007FD860 /* LoadingPlaceHolder.swift */; };
		2C7E53E025C339AF00AD173F /* CurrentUserViewModel.swift in Sources */ = {isa = PBXBuildFile; fileRef = 2C7E53DF25C339AF00AD173F /* CurrentUserViewModel.swift */; };
		2C7E540225C43CA200AD173F /* Plan.swift in Sources */ = {isa = PBXBuildFile; fileRef = 2C7E540125C43CA200AD173F /* Plan.swift */; };
		2C7E540825C440B200AD173F /* PlanViewModel.swift in Sources */ = {isa = PBXBuildFile; fileRef = 2C7E540725C440B200AD173F /* PlanViewModel.swift */; };
		2C7E540C25C44A5B00AD173F /* QuestionView.swift in Sources */ = {isa = PBXBuildFile; fileRef = 2C7E540B25C44A5B00AD173F /* QuestionView.swift */; };
		2C7E544925C4805700AD173F /* PlanWeekView.swift in Sources */ = {isa = PBXBuildFile; fileRef = 2C7E544825C4805700AD173F /* PlanWeekView.swift */; };
		2C7E544D25C4811100AD173F /* WeekPlanRowView.swift in Sources */ = {isa = PBXBuildFile; fileRef = 2C7E544C25C4811100AD173F /* WeekPlanRowView.swift */; };
		2C7E5B5E258118D400B634F5 /* LearnView.swift in Sources */ = {isa = PBXBuildFile; fileRef = 2C7E5B5D258118D400B634F5 /* LearnView.swift */; };
		2C7E5B64258118F000B634F5 /* ExploreView.swift in Sources */ = {isa = PBXBuildFile; fileRef = 2C7E5B63258118F000B634F5 /* ExploreView.swift */; };
		2C7E5B6A2581190900B634F5 /* FeedView.swift in Sources */ = {isa = PBXBuildFile; fileRef = 2C7E5B692581190900B634F5 /* FeedView.swift */; };
		2C7E5B702581191800B634F5 /* ProfileView.swift in Sources */ = {isa = PBXBuildFile; fileRef = 2C7E5B6F2581191800B634F5 /* ProfileView.swift */; };
		2C8DAAA525B1CD4D00FCD572 /* SkateGameView.swift in Sources */ = {isa = PBXBuildFile; fileRef = 2C8DAAA425B1CD4D00FCD572 /* SkateGameView.swift */; };
		2C8DAAAB25B1D28B00FCD572 /* StartSkateGameView.swift in Sources */ = {isa = PBXBuildFile; fileRef = 2C8DAAAA25B1D28B00FCD572 /* StartSkateGameView.swift */; };
		2C8DAAAF25B1E32600FCD572 /* SkateGamePlayLocal.swift in Sources */ = {isa = PBXBuildFile; fileRef = 2C8DAAAE25B1E32600FCD572 /* SkateGamePlayLocal.swift */; };
		2C9B2F08259105D0006A47DA /* TrickRowView.swift in Sources */ = {isa = PBXBuildFile; fileRef = 2C9B2F07259105D0006A47DA /* TrickRowView.swift */; };
		2C9B2F1225922334006A47DA /* TrickView.swift in Sources */ = {isa = PBXBuildFile; fileRef = 2C9B2F1125922334006A47DA /* TrickView.swift */; };
		2C9B2F282592253A006A47DA /* TrickSelectView.swift in Sources */ = {isa = PBXBuildFile; fileRef = 2C9B2F272592253A006A47DA /* TrickSelectView.swift */; };
		2C9B2F3225922BFA006A47DA /* TrickVariationView.swift in Sources */ = {isa = PBXBuildFile; fileRef = 2C9B2F3125922BFA006A47DA /* TrickVariationView.swift */; };
		2C9C43D5261CD57B00287BD9 /* skateLoading.gif in Resources */ = {isa = PBXBuildFile; fileRef = 2C9C43D4261CD57B00287BD9 /* skateLoading.gif */; };
		2C9C7C7C25C941FD00319434 /* PlanWeekTaskModel.swift in Sources */ = {isa = PBXBuildFile; fileRef = 2C9C7C7B25C941FC00319434 /* PlanWeekTaskModel.swift */; };
		2CA766E926049508005FEBBF /* OnboardingViewPure.swift in Sources */ = {isa = PBXBuildFile; fileRef = 2CA766E826049508005FEBBF /* OnboardingViewPure.swift */; };
		2CA766EB26049542005FEBBF /* OnboardingDataModel.swift in Sources */ = {isa = PBXBuildFile; fileRef = 2CA766EA26049542005FEBBF /* OnboardingDataModel.swift */; };
		2CA766ED2604957E005FEBBF /* OnboardingStepView.swift in Sources */ = {isa = PBXBuildFile; fileRef = 2CA766EC2604957E005FEBBF /* OnboardingStepView.swift */; };
		2CAD031925D2D48A007601F8 /* UserViewModel.swift in Sources */ = {isa = PBXBuildFile; fileRef = 2CAD031825D2D48A007601F8 /* UserViewModel.swift */; };
		2CB6047625DFC42E00210148 /* TrickSearchView.swift in Sources */ = {isa = PBXBuildFile; fileRef = 2CB6047525DFC42E00210148 /* TrickSearchView.swift */; };
		2CBCE5AE260B4F410041D917 /* ConfettiView in Frameworks */ = {isa = PBXBuildFile; productRef = 2CBCE5AD260B4F410041D917 /* ConfettiView */; };
		2CC4D30A25AC7BE600CE1132 /* ScrollingHStackModifier.swift in Sources */ = {isa = PBXBuildFile; fileRef = 2CC4D30925AC7BE600CE1132 /* ScrollingHStackModifier.swift */; };
		2CC4D32325AC9F1100CE1132 /* ScaleAnimationButtonEffect.swift in Sources */ = {isa = PBXBuildFile; fileRef = 2CC4D32225AC9F1000CE1132 /* ScaleAnimationButtonEffect.swift */; };
		2CC4D32725ACCB4200CE1132 /* Trick.swift in Sources */ = {isa = PBXBuildFile; fileRef = 2CC4D32625ACCB4200CE1132 /* Trick.swift */; };
		2CD1D7552614E9BC00BF43FF /* PlanEndGIF.gif in Resources */ = {isa = PBXBuildFile; fileRef = 2CD1D7542614E9BC00BF43FF /* PlanEndGIF.gif */; };
		2CD800EF25D6861600A9994D /* LoadingView.swift in Sources */ = {isa = PBXBuildFile; fileRef = 2CD800EE25D6861500A9994D /* LoadingView.swift */; };
		2CDBEDFF261E03620000BB6D /* skateCompleteGIF.gif in Resources */ = {isa = PBXBuildFile; fileRef = 2CDBEDFE261E03620000BB6D /* skateCompleteGIF.gif */; };
		2CE5775B258106F000B4F204 /* Tests_iOS.swift in Sources */ = {isa = PBXBuildFile; fileRef = 2CE5775A258106F000B4F204 /* Tests_iOS.swift */; };
		2CE57768258106F000B4F204 /* Skate_AppApp.swift in Sources */ = {isa = PBXBuildFile; fileRef = 2CE5773F258106EF00B4F204 /* Skate_AppApp.swift */; };
		2CE5776C258106F000B4F204 /* Assets.xcassets in Resources */ = {isa = PBXBuildFile; fileRef = 2CE57741258106F000B4F204 /* Assets.xcassets */; };
		2CE5778125810A3900B4F204 /* HomeView.swift in Sources */ = {isa = PBXBuildFile; fileRef = 2CE5778025810A3900B4F204 /* HomeView.swift */; };
		2CF9DC1F26038C5100788412 /* AnimatedImageView.swift in Sources */ = {isa = PBXBuildFile; fileRef = 2CF9DC1E26038C5100788412 /* AnimatedImageView.swift */; };
/* End PBXBuildFile section */

/* Begin PBXContainerItemProxy section */
		2CE57757258106F000B4F204 /* PBXContainerItemProxy */ = {
			isa = PBXContainerItemProxy;
			containerPortal = 2CE5773A258106EF00B4F204 /* Project object */;
			proxyType = 1;
			remoteGlobalIDString = 2CE57745258106F000B4F204;
			remoteInfo = "Skate App (iOS)";
		};
/* End PBXContainerItemProxy section */

/* Begin PBXFileReference section */
		2C06DBE025E502D700429E34 /* GameOverView.swift */ = {isa = PBXFileReference; lastKnownFileType = sourcecode.swift; path = GameOverView.swift; sourceTree = "<group>"; };
		2C06DBE425E50B6900429E34 /* SkateScoreDisplay.swift */ = {isa = PBXFileReference; lastKnownFileType = sourcecode.swift; path = SkateScoreDisplay.swift; sourceTree = "<group>"; };
		2C06DBE925E51A6800429E34 /* SkateOptionTry.swift */ = {isa = PBXFileReference; lastKnownFileType = sourcecode.swift; path = SkateOptionTry.swift; sourceTree = "<group>"; };
		2C06DBEB25E51B2200429E34 /* SkateOptionSet.swift */ = {isa = PBXFileReference; lastKnownFileType = sourcecode.swift; path = SkateOptionSet.swift; sourceTree = "<group>"; };
		2C086CFA25FE76E8003DA5E6 /* CheckBox.swift */ = {isa = PBXFileReference; lastKnownFileType = sourcecode.swift; path = CheckBox.swift; sourceTree = "<group>"; };
		2C1B0BFD25C1B7EA00C0B6F7 /* CurrentUser.swift */ = {isa = PBXFileReference; lastKnownFileType = sourcecode.swift; path = CurrentUser.swift; sourceTree = "<group>"; };
		2C1B0C0D25C1E85800C0B6F7 /* TrickViewModel.swift */ = {isa = PBXFileReference; lastKnownFileType = sourcecode.swift; path = TrickViewModel.swift; sourceTree = "<group>"; };
		2C1B0C1125C2C63D00C0B6F7 /* TrickSelectTabView.swift */ = {isa = PBXFileReference; lastKnownFileType = sourcecode.swift; path = TrickSelectTabView.swift; sourceTree = "<group>"; };
		2C2ADBB626038452009D5040 /* PlanEndView.swift */ = {isa = PBXFileReference; lastKnownFileType = sourcecode.swift; path = PlanEndView.swift; sourceTree = "<group>"; };
		2C2C5D2825AEF76F003B8F64 /* LearButtonEffect.swift */ = {isa = PBXFileReference; lastKnownFileType = sourcecode.swift; path = LearButtonEffect.swift; sourceTree = "<group>"; };
		2C2C5D2C25B0409F003B8F64 /* GradientButtonStyle.swift */ = {isa = PBXFileReference; lastKnownFileType = sourcecode.swift; path = GradientButtonStyle.swift; sourceTree = "<group>"; };
		2C2C5D3025B086D9003B8F64 /* GameSelectView.swift */ = {isa = PBXFileReference; lastKnownFileType = sourcecode.swift; path = GameSelectView.swift; sourceTree = "<group>"; };
		2C2C5D3625B08A9B003B8F64 /* PlanView.swift */ = {isa = PBXFileReference; lastKnownFileType = sourcecode.swift; path = PlanView.swift; sourceTree = "<group>"; };
		2C2C5D3A25B09BA7003B8F64 /* GameListElm.swift */ = {isa = PBXFileReference; lastKnownFileType = sourcecode.swift; path = GameListElm.swift; sourceTree = "<group>"; };
		2C3F232225DBAD8C000C406F /* TrickListView.swift */ = {isa = PBXFileReference; lastKnownFileType = sourcecode.swift; path = TrickListView.swift; sourceTree = "<group>"; };
		2C4EC608259A206F000470A1 /* AppView.swift */ = {isa = PBXFileReference; lastKnownFileType = sourcecode.swift; path = AppView.swift; sourceTree = "<group>"; };
		2C528F3025D2731800D30BB6 /* LogInView.swift */ = {isa = PBXFileReference; lastKnownFileType = sourcecode.swift; path = LogInView.swift; sourceTree = "<group>"; };
		2C6F17DE25BEE9C0001CE0C9 /* PlanIntroView.swift */ = {isa = PBXFileReference; lastKnownFileType = sourcecode.swift; path = PlanIntroView.swift; sourceTree = "<group>"; };
		2C6F17E825C0AD21001CE0C9 /* GoogleService-Info.plist */ = {isa = PBXFileReference; fileEncoding = 4; lastKnownFileType = text.plist.xml; path = "GoogleService-Info.plist"; sourceTree = "<group>"; };
		2C754FAD2587B4E100EF4FB3 /* settingsView.swift */ = {isa = PBXFileReference; lastKnownFileType = sourcecode.swift; path = settingsView.swift; sourceTree = "<group>"; };
		2C7BF52025D2DC7A00338E2B /* Skate App.entitlements */ = {isa = PBXFileReference; lastKnownFileType = text.plist.entitlements; path = "Skate App.entitlements"; sourceTree = "<group>"; };
		2C7DD3B5260A05DC007FD860 /* LoadingPlaceHolder.swift */ = {isa = PBXFileReference; lastKnownFileType = sourcecode.swift; path = LoadingPlaceHolder.swift; sourceTree = "<group>"; };
		2C7E53DF25C339AF00AD173F /* CurrentUserViewModel.swift */ = {isa = PBXFileReference; lastKnownFileType = sourcecode.swift; path = CurrentUserViewModel.swift; sourceTree = "<group>"; };
		2C7E540125C43CA200AD173F /* Plan.swift */ = {isa = PBXFileReference; lastKnownFileType = sourcecode.swift; path = Plan.swift; sourceTree = "<group>"; };
		2C7E540725C440B200AD173F /* PlanViewModel.swift */ = {isa = PBXFileReference; lastKnownFileType = sourcecode.swift; path = PlanViewModel.swift; sourceTree = "<group>"; };
		2C7E540B25C44A5B00AD173F /* QuestionView.swift */ = {isa = PBXFileReference; lastKnownFileType = sourcecode.swift; path = QuestionView.swift; sourceTree = "<group>"; };
		2C7E544825C4805700AD173F /* PlanWeekView.swift */ = {isa = PBXFileReference; lastKnownFileType = sourcecode.swift; path = PlanWeekView.swift; sourceTree = "<group>"; };
		2C7E544C25C4811100AD173F /* WeekPlanRowView.swift */ = {isa = PBXFileReference; lastKnownFileType = sourcecode.swift; path = WeekPlanRowView.swift; sourceTree = "<group>"; };
		2C7E5B5D258118D400B634F5 /* LearnView.swift */ = {isa = PBXFileReference; lastKnownFileType = sourcecode.swift; path = LearnView.swift; sourceTree = "<group>"; };
		2C7E5B63258118F000B634F5 /* ExploreView.swift */ = {isa = PBXFileReference; lastKnownFileType = sourcecode.swift; path = ExploreView.swift; sourceTree = "<group>"; };
		2C7E5B692581190900B634F5 /* FeedView.swift */ = {isa = PBXFileReference; lastKnownFileType = sourcecode.swift; path = FeedView.swift; sourceTree = "<group>"; };
		2C7E5B6F2581191800B634F5 /* ProfileView.swift */ = {isa = PBXFileReference; lastKnownFileType = sourcecode.swift; path = ProfileView.swift; sourceTree = "<group>"; };
		2C8DAAA425B1CD4D00FCD572 /* SkateGameView.swift */ = {isa = PBXFileReference; lastKnownFileType = sourcecode.swift; path = SkateGameView.swift; sourceTree = "<group>"; };
		2C8DAAAA25B1D28B00FCD572 /* StartSkateGameView.swift */ = {isa = PBXFileReference; lastKnownFileType = sourcecode.swift; path = StartSkateGameView.swift; sourceTree = "<group>"; };
		2C8DAAAE25B1E32600FCD572 /* SkateGamePlayLocal.swift */ = {isa = PBXFileReference; lastKnownFileType = sourcecode.swift; path = SkateGamePlayLocal.swift; sourceTree = "<group>"; };
		2C9B2F07259105D0006A47DA /* TrickRowView.swift */ = {isa = PBXFileReference; lastKnownFileType = sourcecode.swift; path = TrickRowView.swift; sourceTree = "<group>"; };
		2C9B2F1125922334006A47DA /* TrickView.swift */ = {isa = PBXFileReference; lastKnownFileType = sourcecode.swift; path = TrickView.swift; sourceTree = "<group>"; };
		2C9B2F272592253A006A47DA /* TrickSelectView.swift */ = {isa = PBXFileReference; lastKnownFileType = sourcecode.swift; path = TrickSelectView.swift; sourceTree = "<group>"; };
		2C9B2F3125922BFA006A47DA /* TrickVariationView.swift */ = {isa = PBXFileReference; lastKnownFileType = sourcecode.swift; path = TrickVariationView.swift; sourceTree = "<group>"; };
		2C9C43D4261CD57B00287BD9 /* skateLoading.gif */ = {isa = PBXFileReference; lastKnownFileType = image.gif; name = skateLoading.gif; path = AppAssets/skateLoading.gif; sourceTree = "<group>"; };
		2C9C7C7B25C941FC00319434 /* PlanWeekTaskModel.swift */ = {isa = PBXFileReference; lastKnownFileType = sourcecode.swift; path = PlanWeekTaskModel.swift; sourceTree = "<group>"; };
		2CA766E826049508005FEBBF /* OnboardingViewPure.swift */ = {isa = PBXFileReference; lastKnownFileType = sourcecode.swift; path = OnboardingViewPure.swift; sourceTree = "<group>"; };
		2CA766EA26049542005FEBBF /* OnboardingDataModel.swift */ = {isa = PBXFileReference; lastKnownFileType = sourcecode.swift; path = OnboardingDataModel.swift; sourceTree = "<group>"; };
		2CA766EC2604957E005FEBBF /* OnboardingStepView.swift */ = {isa = PBXFileReference; lastKnownFileType = sourcecode.swift; path = OnboardingStepView.swift; sourceTree = "<group>"; };
		2CAD031825D2D48A007601F8 /* UserViewModel.swift */ = {isa = PBXFileReference; lastKnownFileType = sourcecode.swift; path = UserViewModel.swift; sourceTree = "<group>"; };
		2CB6047525DFC42E00210148 /* TrickSearchView.swift */ = {isa = PBXFileReference; lastKnownFileType = sourcecode.swift; path = TrickSearchView.swift; sourceTree = "<group>"; };
		2CC4D30925AC7BE600CE1132 /* ScrollingHStackModifier.swift */ = {isa = PBXFileReference; lastKnownFileType = sourcecode.swift; path = ScrollingHStackModifier.swift; sourceTree = "<group>"; };
		2CC4D32225AC9F1000CE1132 /* ScaleAnimationButtonEffect.swift */ = {isa = PBXFileReference; lastKnownFileType = sourcecode.swift; path = ScaleAnimationButtonEffect.swift; sourceTree = "<group>"; };
		2CC4D32625ACCB4200CE1132 /* Trick.swift */ = {isa = PBXFileReference; lastKnownFileType = sourcecode.swift; path = Trick.swift; sourceTree = "<group>"; };
		2CD1D7542614E9BC00BF43FF /* PlanEndGIF.gif */ = {isa = PBXFileReference; lastKnownFileType = image.gif; name = PlanEndGIF.gif; path = AppAssets/PlanEndGIF.gif; sourceTree = "<group>"; };
		2CD800EE25D6861500A9994D /* LoadingView.swift */ = {isa = PBXFileReference; lastKnownFileType = sourcecode.swift; path = LoadingView.swift; sourceTree = "<group>"; };
		2CDBEDFE261E03620000BB6D /* skateCompleteGIF.gif */ = {isa = PBXFileReference; lastKnownFileType = image.gif; name = skateCompleteGIF.gif; path = AppAssets/skateCompleteGIF.gif; sourceTree = "<group>"; };
		2CE5773F258106EF00B4F204 /* Skate_AppApp.swift */ = {isa = PBXFileReference; lastKnownFileType = sourcecode.swift; path = Skate_AppApp.swift; sourceTree = "<group>"; };
		2CE57741258106F000B4F204 /* Assets.xcassets */ = {isa = PBXFileReference; lastKnownFileType = folder.assetcatalog; path = Assets.xcassets; sourceTree = "<group>"; };
		2CE57746258106F000B4F204 /* Skate App.app */ = {isa = PBXFileReference; explicitFileType = wrapper.application; includeInIndex = 0; path = "Skate App.app"; sourceTree = BUILT_PRODUCTS_DIR; };
		2CE57749258106F000B4F204 /* Info.plist */ = {isa = PBXFileReference; lastKnownFileType = text.plist.xml; path = Info.plist; sourceTree = "<group>"; };
		2CE57756258106F000B4F204 /* Tests iOS.xctest */ = {isa = PBXFileReference; explicitFileType = wrapper.cfbundle; includeInIndex = 0; path = "Tests iOS.xctest"; sourceTree = BUILT_PRODUCTS_DIR; };
		2CE5775A258106F000B4F204 /* Tests_iOS.swift */ = {isa = PBXFileReference; lastKnownFileType = sourcecode.swift; path = Tests_iOS.swift; sourceTree = "<group>"; };
		2CE5775C258106F000B4F204 /* Info.plist */ = {isa = PBXFileReference; lastKnownFileType = text.plist.xml; path = Info.plist; sourceTree = "<group>"; };
		2CE5778025810A3900B4F204 /* HomeView.swift */ = {isa = PBXFileReference; lastKnownFileType = sourcecode.swift; path = HomeView.swift; sourceTree = "<group>"; };
		2CF9DC1E26038C5100788412 /* AnimatedImageView.swift */ = {isa = PBXFileReference; lastKnownFileType = sourcecode.swift; path = AnimatedImageView.swift; sourceTree = "<group>"; };
		8729FDAFE645AC75914977D4 /* Pods-Skate App (iOS).debug.xcconfig */ = {isa = PBXFileReference; includeInIndex = 1; lastKnownFileType = text.xcconfig; name = "Pods-Skate App (iOS).debug.xcconfig"; path = "Target Support Files/Pods-Skate App (iOS)/Pods-Skate App (iOS).debug.xcconfig"; sourceTree = "<group>"; };
		AEA003F43593394274DD8C25 /* Pods_Skate_App__iOS_.framework */ = {isa = PBXFileReference; explicitFileType = wrapper.framework; includeInIndex = 0; path = Pods_Skate_App__iOS_.framework; sourceTree = BUILT_PRODUCTS_DIR; };
		B2E88406826F065BEE537A61 /* Pods-Skate App (iOS).release.xcconfig */ = {isa = PBXFileReference; includeInIndex = 1; lastKnownFileType = text.xcconfig; name = "Pods-Skate App (iOS).release.xcconfig"; path = "Target Support Files/Pods-Skate App (iOS)/Pods-Skate App (iOS).release.xcconfig"; sourceTree = "<group>"; };
/* End PBXFileReference section */

/* Begin PBXFrameworksBuildPhase section */
		2CE57743258106F000B4F204 /* Frameworks */ = {
			isa = PBXFrameworksBuildPhase;
			buildActionMask = 2147483647;
			files = (
				2CBCE5AE260B4F410041D917 /* ConfettiView in Frameworks */,
				26D78E4056FCE9B116EC1C2A /* Pods_Skate_App__iOS_.framework in Frameworks */,
			);
			runOnlyForDeploymentPostprocessing = 0;
		};
		2CE57753258106F000B4F204 /* Frameworks */ = {
			isa = PBXFrameworksBuildPhase;
			buildActionMask = 2147483647;
			files = (
			);
			runOnlyForDeploymentPostprocessing = 0;
		};
/* End PBXFrameworksBuildPhase section */

/* Begin PBXGroup section */
		2C06DBE625E516A200429E34 /* Games */ = {
			isa = PBXGroup;
			children = (
				2C06DBE425E50B6900429E34 /* SkateScoreDisplay.swift */,
				2C06DBE025E502D700429E34 /* GameOverView.swift */,
				2C2C5D3A25B09BA7003B8F64 /* GameListElm.swift */,
				2C06DBE925E51A6800429E34 /* SkateOptionTry.swift */,
				2C06DBEB25E51B2200429E34 /* SkateOptionSet.swift */,
			);
			path = Games;
			sourceTree = "<group>";
		};
		2C06DBE725E516DB00429E34 /* Plan */ = {
			isa = PBXGroup;
			children = (
				2C7E544825C4805700AD173F /* PlanWeekView.swift */,
				2C7E544C25C4811100AD173F /* WeekPlanRowView.swift */,
				2C7E540B25C44A5B00AD173F /* QuestionView.swift */,
			);
			path = Plan;
			sourceTree = "<group>";
		};
		2C06DBE825E516EF00429E34 /* Tricks */ = {
			isa = PBXGroup;
			children = (
				2C9B2F3125922BFA006A47DA /* TrickVariationView.swift */,
				2C9B2F07259105D0006A47DA /* TrickRowView.swift */,
				2C1B0C1125C2C63D00C0B6F7 /* TrickSelectTabView.swift */,
				2C3F232225DBAD8C000C406F /* TrickListView.swift */,
				2CB6047525DFC42E00210148 /* TrickSearchView.swift */,
			);
			path = Tricks;
			sourceTree = "<group>";
		};
		2C1B0BFC25C1B7D600C0B6F7 /* General */ = {
			isa = PBXGroup;
			children = (
				2C528F3325D27B0E00D30BB6 /* ViewModels */,
				2C528F3225D27B0700D30BB6 /* Model */,
				2CE5773F258106EF00B4F204 /* Skate_AppApp.swift */,
			);
			path = General;
			sourceTree = "<group>";
		};
		2C1B0C0B25C1E82E00C0B6F7 /* Models */ = {
			isa = PBXGroup;
			children = (
				2CC4D32625ACCB4200CE1132 /* Trick.swift */,
				2C7E540125C43CA200AD173F /* Plan.swift */,
				2C9C7C7B25C941FC00319434 /* PlanWeekTaskModel.swift */,
			);
			path = Models;
			sourceTree = "<group>";
		};
		2C1B0C0C25C1E83F00C0B6F7 /* ViewModels */ = {
			isa = PBXGroup;
			children = (
				2C1B0C0D25C1E85800C0B6F7 /* TrickViewModel.swift */,
				2C7E540725C440B200AD173F /* PlanViewModel.swift */,
			);
			path = ViewModels;
			sourceTree = "<group>";
		};
		2C528F2A25D26FBC00D30BB6 /* SideViews */ = {
			isa = PBXGroup;
			children = (
				2C4EC608259A206F000470A1 /* AppView.swift */,
				2C754FAD2587B4E100EF4FB3 /* settingsView.swift */,
				2C528F3025D2731800D30BB6 /* LogInView.swift */,
			);
			path = SideViews;
			sourceTree = "<group>";
		};
		2C528F3225D27B0700D30BB6 /* Model */ = {
			isa = PBXGroup;
			children = (
				2C1B0BFD25C1B7EA00C0B6F7 /* CurrentUser.swift */,
			);
			path = Model;
			sourceTree = "<group>";
		};
		2C528F3325D27B0E00D30BB6 /* ViewModels */ = {
			isa = PBXGroup;
			children = (
				2CAD031825D2D48A007601F8 /* UserViewModel.swift */,
				2C7E53DF25C339AF00AD173F /* CurrentUserViewModel.swift */,
			);
			path = ViewModels;
			sourceTree = "<group>";
		};
		2C721090258266650060EE76 /* Main views */ = {
			isa = PBXGroup;
			children = (
				2C528F2A25D26FBC00D30BB6 /* SideViews */,
				2CE5778025810A3900B4F204 /* HomeView.swift */,
				2C7E5B5D258118D400B634F5 /* LearnView.swift */,
				2C7E5B63258118F000B634F5 /* ExploreView.swift */,
				2C7E5B692581190900B634F5 /* FeedView.swift */,
				2C7E5B6F2581191800B634F5 /* ProfileView.swift */,
			);
			path = "Main views";
			sourceTree = "<group>";
		};
		2C7E540F25C4589400AD173F /* Games */ = {
			isa = PBXGroup;
			children = (
				2C8DAAAE25B1E32600FCD572 /* SkateGamePlayLocal.swift */,
			);
			path = Games;
			sourceTree = "<group>";
		};
		2C7E545025C7F67800AD173F /* Learn Tab */ = {
			isa = PBXGroup;
			children = (
				2C06DBE825E516EF00429E34 /* Tricks */,
				2C06DBE725E516DB00429E34 /* Plan */,
				2C06DBE625E516A200429E34 /* Games */,
			);
			path = "Learn Tab";
			sourceTree = "<group>";
		};
		2C7E545725C7F6A100AD173F /* General */ = {
			isa = PBXGroup;
			children = (
				2CF9DC1E26038C5100788412 /* AnimatedImageView.swift */,
				2CD800EE25D6861500A9994D /* LoadingView.swift */,
				2C086CFA25FE76E8003DA5E6 /* CheckBox.swift */,
				2C7DD3B5260A05DC007FD860 /* LoadingPlaceHolder.swift */,
			);
			path = General;
			sourceTree = "<group>";
		};
		2CD521A925C1ACC100592092 /* Backend */ = {
			isa = PBXGroup;
			children = (
				2C1B0BFC25C1B7D600C0B6F7 /* General */,
				2CD521AB25C1AD0500592092 /* LearnTab */,
			);
			path = Backend;
			sourceTree = "<group>";
		};
		2CD521AA25C1ACCF00592092 /* Frontend */ = {
			isa = PBXGroup;
			children = (
				2CD521B425C1AE1400592092 /* LearnTab */,
				2CD521AF25C1ADCD00592092 /* ReusableViews */,
				2CD521AC25C1AD5B00592092 /* Styles */,
				2C721090258266650060EE76 /* Main views */,
			);
			path = Frontend;
			sourceTree = "<group>";
		};
		2CD521AB25C1AD0500592092 /* LearnTab */ = {
			isa = PBXGroup;
			children = (
				2C7E540F25C4589400AD173F /* Games */,
				2C1B0C0C25C1E83F00C0B6F7 /* ViewModels */,
				2C1B0C0B25C1E82E00C0B6F7 /* Models */,
			);
			path = LearnTab;
			sourceTree = "<group>";
		};
		2CD521AC25C1AD5B00592092 /* Styles */ = {
			isa = PBXGroup;
			children = (
				2CC4D32225AC9F1000CE1132 /* ScaleAnimationButtonEffect.swift */,
				2CC4D30925AC7BE600CE1132 /* ScrollingHStackModifier.swift */,
				2C2C5D2C25B0409F003B8F64 /* GradientButtonStyle.swift */,
				2C2C5D2825AEF76F003B8F64 /* LearButtonEffect.swift */,
			);
			path = Styles;
			sourceTree = "<group>";
		};
		2CD521AF25C1ADCD00592092 /* ReusableViews */ = {
			isa = PBXGroup;
			children = (
				2C7E545725C7F6A100AD173F /* General */,
				2C7E545025C7F67800AD173F /* Learn Tab */,
			);
			path = ReusableViews;
			sourceTree = "<group>";
		};
		2CD521B425C1AE1400592092 /* LearnTab */ = {
			isa = PBXGroup;
			children = (
				2CD521B725C1AE4C00592092 /* Games */,
				2CD521B625C1AE3A00592092 /* Tricks */,
				2CD521B525C1AE2200592092 /* Plan */,
			);
			path = LearnTab;
			sourceTree = "<group>";
		};
		2CD521B525C1AE2200592092 /* Plan */ = {
			isa = PBXGroup;
			children = (
				2C6F17DE25BEE9C0001CE0C9 /* PlanIntroView.swift */,
				2C2C5D3625B08A9B003B8F64 /* PlanView.swift */,
				2C2ADBB626038452009D5040 /* PlanEndView.swift */,
				2CA766E826049508005FEBBF /* OnboardingViewPure.swift */,
				2CA766EA26049542005FEBBF /* OnboardingDataModel.swift */,
				2CA766EC2604957E005FEBBF /* OnboardingStepView.swift */,
			);
			path = Plan;
			sourceTree = "<group>";
		};
		2CD521B625C1AE3A00592092 /* Tricks */ = {
			isa = PBXGroup;
			children = (
				2C9B2F272592253A006A47DA /* TrickSelectView.swift */,
				2C9B2F1125922334006A47DA /* TrickView.swift */,
			);
			path = Tricks;
			sourceTree = "<group>";
		};
		2CD521B725C1AE4C00592092 /* Games */ = {
			isa = PBXGroup;
			children = (
				2CD521BA25C1AE9600592092 /* SkateGame */,
				2C2C5D3025B086D9003B8F64 /* GameSelectView.swift */,
			);
			path = Games;
			sourceTree = "<group>";
		};
		2CD521BA25C1AE9600592092 /* SkateGame */ = {
			isa = PBXGroup;
			children = (
				2C8DAAA425B1CD4D00FCD572 /* SkateGameView.swift */,
				2C8DAAAA25B1D28B00FCD572 /* StartSkateGameView.swift */,
			);
			path = SkateGame;
			sourceTree = "<group>";
		};
		2CE57739258106EF00B4F204 = {
			isa = PBXGroup;
			children = (
				2CDBEDFE261E03620000BB6D /* skateCompleteGIF.gif */,
				2C9C43D4261CD57B00287BD9 /* skateLoading.gif */,
				2CD1D7542614E9BC00BF43FF /* PlanEndGIF.gif */,
				2C7BF52025D2DC7A00338E2B /* Skate App.entitlements */,
				2C6F17E825C0AD21001CE0C9 /* GoogleService-Info.plist */,
				2CE5773E258106EF00B4F204 /* Shared */,
				2CE57748258106F000B4F204 /* iOS */,
				2CE57759258106F000B4F204 /* Tests iOS */,
				2CE57747258106F000B4F204 /* Products */,
				86D3FFAD3CCDD9640830EF55 /* Pods */,
				D379C73A1E28AF1D883C7961 /* Frameworks */,
			);
			sourceTree = "<group>";
		};
		2CE5773E258106EF00B4F204 /* Shared */ = {
			isa = PBXGroup;
			children = (
				2CD521AA25C1ACCF00592092 /* Frontend */,
				2CD521A925C1ACC100592092 /* Backend */,
				2CE57741258106F000B4F204 /* Assets.xcassets */,
			);
			path = Shared;
			sourceTree = "<group>";
		};
		2CE57747258106F000B4F204 /* Products */ = {
			isa = PBXGroup;
			children = (
				2CE57746258106F000B4F204 /* Skate App.app */,
				2CE57756258106F000B4F204 /* Tests iOS.xctest */,
			);
			name = Products;
			sourceTree = "<group>";
		};
		2CE57748258106F000B4F204 /* iOS */ = {
			isa = PBXGroup;
			children = (
				2CE57749258106F000B4F204 /* Info.plist */,
			);
			path = iOS;
			sourceTree = "<group>";
		};
		2CE57759258106F000B4F204 /* Tests iOS */ = {
			isa = PBXGroup;
			children = (
				2CE5775A258106F000B4F204 /* Tests_iOS.swift */,
				2CE5775C258106F000B4F204 /* Info.plist */,
			);
			path = "Tests iOS";
			sourceTree = "<group>";
		};
		86D3FFAD3CCDD9640830EF55 /* Pods */ = {
			isa = PBXGroup;
			children = (
				8729FDAFE645AC75914977D4 /* Pods-Skate App (iOS).debug.xcconfig */,
				B2E88406826F065BEE537A61 /* Pods-Skate App (iOS).release.xcconfig */,
			);
			path = Pods;
			sourceTree = "<group>";
		};
		D379C73A1E28AF1D883C7961 /* Frameworks */ = {
			isa = PBXGroup;
			children = (
				AEA003F43593394274DD8C25 /* Pods_Skate_App__iOS_.framework */,
			);
			name = Frameworks;
			sourceTree = "<group>";
		};
/* End PBXGroup section */

/* Begin PBXNativeTarget section */
		2CE57745258106F000B4F204 /* Skate App (iOS) */ = {
			isa = PBXNativeTarget;
			buildConfigurationList = 2CE57770258106F000B4F204 /* Build configuration list for PBXNativeTarget "Skate App (iOS)" */;
			buildPhases = (
				47FC24649AD21C8170662F49 /* [CP] Check Pods Manifest.lock */,
				2CE57742258106F000B4F204 /* Sources */,
				2CE57743258106F000B4F204 /* Frameworks */,
				2CE57744258106F000B4F204 /* Resources */,
				D9BE9ECDD760A4E24B6696D3 /* [CP] Embed Pods Frameworks */,
				4BE94BA661F7219E6866BECD /* [CP] Copy Pods Resources */,
			);
			buildRules = (
			);
			dependencies = (
			);
			name = "Skate App (iOS)";
			packageProductDependencies = (
				2CBCE5AD260B4F410041D917 /* ConfettiView */,
			);
			productName = "Skate App (iOS)";
			productReference = 2CE57746258106F000B4F204 /* Skate App.app */;
			productType = "com.apple.product-type.application";
		};
		2CE57755258106F000B4F204 /* Tests iOS */ = {
			isa = PBXNativeTarget;
			buildConfigurationList = 2CE57776258106F000B4F204 /* Build configuration list for PBXNativeTarget "Tests iOS" */;
			buildPhases = (
				2CE57752258106F000B4F204 /* Sources */,
				2CE57753258106F000B4F204 /* Frameworks */,
				2CE57754258106F000B4F204 /* Resources */,
			);
			buildRules = (
			);
			dependencies = (
				2CE57758258106F000B4F204 /* PBXTargetDependency */,
			);
			name = "Tests iOS";
			productName = "Tests iOS";
			productReference = 2CE57756258106F000B4F204 /* Tests iOS.xctest */;
			productType = "com.apple.product-type.bundle.ui-testing";
		};
/* End PBXNativeTarget section */

/* Begin PBXProject section */
		2CE5773A258106EF00B4F204 /* Project object */ = {
			isa = PBXProject;
			attributes = {
				LastSwiftUpdateCheck = 1220;
				LastUpgradeCheck = 1220;
				TargetAttributes = {
					2CE57745258106F000B4F204 = {
						CreatedOnToolsVersion = 12.2;
						LastSwiftMigration = 1250;
					};
					2CE57755258106F000B4F204 = {
						CreatedOnToolsVersion = 12.2;
						TestTargetID = 2CE57745258106F000B4F204;
					};
				};
			};
			buildConfigurationList = 2CE5773D258106EF00B4F204 /* Build configuration list for PBXProject "Skate App" */;
			compatibilityVersion = "Xcode 9.3";
			developmentRegion = en;
			hasScannedForEncodings = 0;
			knownRegions = (
				en,
				Base,
			);
			mainGroup = 2CE57739258106EF00B4F204;
			packageReferences = (
				2CBCE5AC260B4F410041D917 /* XCRemoteSwiftPackageReference "ConfettiView" */,
			);
			productRefGroup = 2CE57747258106F000B4F204 /* Products */;
			projectDirPath = "";
			projectRoot = "";
			targets = (
				2CE57745258106F000B4F204 /* Skate App (iOS) */,
				2CE57755258106F000B4F204 /* Tests iOS */,
			);
		};
/* End PBXProject section */

/* Begin PBXResourcesBuildPhase section */
		2CE57744258106F000B4F204 /* Resources */ = {
			isa = PBXResourcesBuildPhase;
			buildActionMask = 2147483647;
			files = (
				2CDBEDFF261E03620000BB6D /* skateCompleteGIF.gif in Resources */,
				2C9C43D5261CD57B00287BD9 /* skateLoading.gif in Resources */,
				2CD1D7552614E9BC00BF43FF /* PlanEndGIF.gif in Resources */,
				2CE5776C258106F000B4F204 /* Assets.xcassets in Resources */,
				2C6F17E925C0AD21001CE0C9 /* GoogleService-Info.plist in Resources */,
			);
			runOnlyForDeploymentPostprocessing = 0;
		};
		2CE57754258106F000B4F204 /* Resources */ = {
			isa = PBXResourcesBuildPhase;
			buildActionMask = 2147483647;
			files = (
			);
			runOnlyForDeploymentPostprocessing = 0;
		};
/* End PBXResourcesBuildPhase section */

/* Begin PBXShellScriptBuildPhase section */
		47FC24649AD21C8170662F49 /* [CP] Check Pods Manifest.lock */ = {
			isa = PBXShellScriptBuildPhase;
			buildActionMask = 2147483647;
			files = (
			);
			inputFileListPaths = (
			);
			inputPaths = (
				"${PODS_PODFILE_DIR_PATH}/Podfile.lock",
				"${PODS_ROOT}/Manifest.lock",
			);
			name = "[CP] Check Pods Manifest.lock";
			outputFileListPaths = (
			);
			outputPaths = (
				"$(DERIVED_FILE_DIR)/Pods-Skate App (iOS)-checkManifestLockResult.txt",
			);
			runOnlyForDeploymentPostprocessing = 0;
			shellPath = /bin/sh;
			shellScript = "diff \"${PODS_PODFILE_DIR_PATH}/Podfile.lock\" \"${PODS_ROOT}/Manifest.lock\" > /dev/null\nif [ $? != 0 ] ; then\n    # print error to STDERR\n    echo \"error: The sandbox is not in sync with the Podfile.lock. Run 'pod install' or update your CocoaPods installation.\" >&2\n    exit 1\nfi\n# This output is used by Xcode 'outputs' to avoid re-running this script phase.\necho \"SUCCESS\" > \"${SCRIPT_OUTPUT_FILE_0}\"\n";
			showEnvVarsInLog = 0;
		};
		4BE94BA661F7219E6866BECD /* [CP] Copy Pods Resources */ = {
			isa = PBXShellScriptBuildPhase;
			buildActionMask = 2147483647;
			files = (
			);
			inputFileListPaths = (
				"${PODS_ROOT}/Target Support Files/Pods-Skate App (iOS)/Pods-Skate App (iOS)-resources-${CONFIGURATION}-input-files.xcfilelist",
			);
			name = "[CP] Copy Pods Resources";
			outputFileListPaths = (
				"${PODS_ROOT}/Target Support Files/Pods-Skate App (iOS)/Pods-Skate App (iOS)-resources-${CONFIGURATION}-output-files.xcfilelist",
			);
			runOnlyForDeploymentPostprocessing = 0;
			shellPath = /bin/sh;
			shellScript = "\"${PODS_ROOT}/Target Support Files/Pods-Skate App (iOS)/Pods-Skate App (iOS)-resources.sh\"\n";
			showEnvVarsInLog = 0;
		};
		D9BE9ECDD760A4E24B6696D3 /* [CP] Embed Pods Frameworks */ = {
			isa = PBXShellScriptBuildPhase;
			buildActionMask = 2147483647;
			files = (
			);
			inputFileListPaths = (
				"${PODS_ROOT}/Target Support Files/Pods-Skate App (iOS)/Pods-Skate App (iOS)-frameworks-${CONFIGURATION}-input-files.xcfilelist",
			);
			name = "[CP] Embed Pods Frameworks";
			outputFileListPaths = (
				"${PODS_ROOT}/Target Support Files/Pods-Skate App (iOS)/Pods-Skate App (iOS)-frameworks-${CONFIGURATION}-output-files.xcfilelist",
			);
			runOnlyForDeploymentPostprocessing = 0;
			shellPath = /bin/sh;
			shellScript = "\"${PODS_ROOT}/Target Support Files/Pods-Skate App (iOS)/Pods-Skate App (iOS)-frameworks.sh\"\n";
			showEnvVarsInLog = 0;
		};
/* End PBXShellScriptBuildPhase section */

/* Begin PBXSourcesBuildPhase section */
		2CE57742258106F000B4F204 /* Sources */ = {
			isa = PBXSourcesBuildPhase;
			buildActionMask = 2147483647;
			files = (
				2C9B2F282592253A006A47DA /* TrickSelectView.swift in Sources */,
				2C8DAAAB25B1D28B00FCD572 /* StartSkateGameView.swift in Sources */,
				2C7DD3B6260A05DC007FD860 /* LoadingPlaceHolder.swift in Sources */,
				2CC4D32325AC9F1100CE1132 /* ScaleAnimationButtonEffect.swift in Sources */,
				2C7E5B702581191800B634F5 /* ProfileView.swift in Sources */,
				2C06DBE525E50B6900429E34 /* SkateScoreDisplay.swift in Sources */,
				2CC4D30A25AC7BE600CE1132 /* ScrollingHStackModifier.swift in Sources */,
				2C7E540825C440B200AD173F /* PlanViewModel.swift in Sources */,
				2C2C5D3B25B09BA7003B8F64 /* GameListElm.swift in Sources */,
				2C7E540C25C44A5B00AD173F /* QuestionView.swift in Sources */,
				2C9B2F3225922BFA006A47DA /* TrickVariationView.swift in Sources */,
				2C06DBE125E502D700429E34 /* GameOverView.swift in Sources */,
				2C7E544925C4805700AD173F /* PlanWeekView.swift in Sources */,
				2C1B0C1225C2C63D00C0B6F7 /* TrickSelectTabView.swift in Sources */,
				2C9B2F08259105D0006A47DA /* TrickRowView.swift in Sources */,
				2C528F3125D2731800D30BB6 /* LogInView.swift in Sources */,
				2C7E5B6A2581190900B634F5 /* FeedView.swift in Sources */,
				2C7E544D25C4811100AD173F /* WeekPlanRowView.swift in Sources */,
				2C2C5D3725B08A9B003B8F64 /* PlanView.swift in Sources */,
				2CA766EB26049542005FEBBF /* OnboardingDataModel.swift in Sources */,
				2C3F232325DBAD8C000C406F /* TrickListView.swift in Sources */,
				2CF9DC1F26038C5100788412 /* AnimatedImageView.swift in Sources */,
				2CD800EF25D6861600A9994D /* LoadingView.swift in Sources */,
				2CA766E926049508005FEBBF /* OnboardingViewPure.swift in Sources */,
				2C2C5D3125B086D9003B8F64 /* GameSelectView.swift in Sources */,
				2CC4D32725ACCB4200CE1132 /* Trick.swift in Sources */,
				2CAD031925D2D48A007601F8 /* UserViewModel.swift in Sources */,
				2CB6047625DFC42E00210148 /* TrickSearchView.swift in Sources */,
				2C1B0C0E25C1E85800C0B6F7 /* TrickViewModel.swift in Sources */,
				2C2C5D2925AEF76F003B8F64 /* LearButtonEffect.swift in Sources */,
				2C7E5B5E258118D400B634F5 /* LearnView.swift in Sources */,
				2CE5778125810A3900B4F204 /* HomeView.swift in Sources */,
				2C2C5D2D25B0409F003B8F64 /* GradientButtonStyle.swift in Sources */,
				2C9C7C7C25C941FD00319434 /* PlanWeekTaskModel.swift in Sources */,
				2C6F17DF25BEE9C0001CE0C9 /* PlanIntroView.swift in Sources */,
				2C754FAE2587B4E100EF4FB3 /* settingsView.swift in Sources */,
				2C1B0BFE25C1B7EA00C0B6F7 /* CurrentUser.swift in Sources */,
				2CA766ED2604957E005FEBBF /* OnboardingStepView.swift in Sources */,
				2C7E53E025C339AF00AD173F /* CurrentUserViewModel.swift in Sources */,
				2C8DAAA525B1CD4D00FCD572 /* SkateGameView.swift in Sources */,
				2C4EC609259A206F000470A1 /* AppView.swift in Sources */,
				2C086CFB25FE76E8003DA5E6 /* CheckBox.swift in Sources */,
				2C7E5B64258118F000B634F5 /* ExploreView.swift in Sources */,
				2C06DBEA25E51A6800429E34 /* SkateOptionTry.swift in Sources */,
				2C7E540225C43CA200AD173F /* Plan.swift in Sources */,
				2C2ADBB726038452009D5040 /* PlanEndView.swift in Sources */,
				2C9B2F1225922334006A47DA /* TrickView.swift in Sources */,
				2C8DAAAF25B1E32600FCD572 /* SkateGamePlayLocal.swift in Sources */,
				2C06DBEC25E51B2200429E34 /* SkateOptionSet.swift in Sources */,
				2CE57768258106F000B4F204 /* Skate_AppApp.swift in Sources */,
			);
			runOnlyForDeploymentPostprocessing = 0;
		};
		2CE57752258106F000B4F204 /* Sources */ = {
			isa = PBXSourcesBuildPhase;
			buildActionMask = 2147483647;
			files = (
				2CE5775B258106F000B4F204 /* Tests_iOS.swift in Sources */,
			);
			runOnlyForDeploymentPostprocessing = 0;
		};
/* End PBXSourcesBuildPhase section */

/* Begin PBXTargetDependency section */
		2CE57758258106F000B4F204 /* PBXTargetDependency */ = {
			isa = PBXTargetDependency;
			target = 2CE57745258106F000B4F204 /* Skate App (iOS) */;
			targetProxy = 2CE57757258106F000B4F204 /* PBXContainerItemProxy */;
		};
/* End PBXTargetDependency section */

/* Begin XCBuildConfiguration section */
		2CE5776E258106F000B4F204 /* Debug */ = {
			isa = XCBuildConfiguration;
			buildSettings = {
				ALWAYS_SEARCH_USER_PATHS = NO;
				CLANG_ANALYZER_NONNULL = YES;
				CLANG_ANALYZER_NUMBER_OBJECT_CONVERSION = YES_AGGRESSIVE;
				CLANG_CXX_LANGUAGE_STANDARD = "gnu++14";
				CLANG_CXX_LIBRARY = "libc++";
				CLANG_ENABLE_MODULES = YES;
				CLANG_ENABLE_OBJC_ARC = YES;
				CLANG_ENABLE_OBJC_WEAK = YES;
				CLANG_WARN_BLOCK_CAPTURE_AUTORELEASING = YES;
				CLANG_WARN_BOOL_CONVERSION = YES;
				CLANG_WARN_COMMA = YES;
				CLANG_WARN_CONSTANT_CONVERSION = YES;
				CLANG_WARN_DEPRECATED_OBJC_IMPLEMENTATIONS = YES;
				CLANG_WARN_DIRECT_OBJC_ISA_USAGE = YES_ERROR;
				CLANG_WARN_DOCUMENTATION_COMMENTS = YES;
				CLANG_WARN_EMPTY_BODY = YES;
				CLANG_WARN_ENUM_CONVERSION = YES;
				CLANG_WARN_INFINITE_RECURSION = YES;
				CLANG_WARN_INT_CONVERSION = YES;
				CLANG_WARN_NON_LITERAL_NULL_CONVERSION = YES;
				CLANG_WARN_OBJC_IMPLICIT_RETAIN_SELF = YES;
				CLANG_WARN_OBJC_LITERAL_CONVERSION = YES;
				CLANG_WARN_OBJC_ROOT_CLASS = YES_ERROR;
				CLANG_WARN_QUOTED_INCLUDE_IN_FRAMEWORK_HEADER = YES;
				CLANG_WARN_RANGE_LOOP_ANALYSIS = YES;
				CLANG_WARN_STRICT_PROTOTYPES = YES;
				CLANG_WARN_SUSPICIOUS_MOVE = YES;
				CLANG_WARN_UNGUARDED_AVAILABILITY = YES_AGGRESSIVE;
				CLANG_WARN_UNREACHABLE_CODE = YES;
				CLANG_WARN__DUPLICATE_METHOD_MATCH = YES;
				COPY_PHASE_STRIP = NO;
				DEBUG_INFORMATION_FORMAT = dwarf;
				ENABLE_STRICT_OBJC_MSGSEND = YES;
				ENABLE_TESTABILITY = YES;
				GCC_C_LANGUAGE_STANDARD = gnu11;
				GCC_DYNAMIC_NO_PIC = NO;
				GCC_NO_COMMON_BLOCKS = YES;
				GCC_OPTIMIZATION_LEVEL = 0;
				GCC_PREPROCESSOR_DEFINITIONS = (
					"DEBUG=1",
					"$(inherited)",
				);
				GCC_WARN_64_TO_32_BIT_CONVERSION = YES;
				GCC_WARN_ABOUT_RETURN_TYPE = YES_ERROR;
				GCC_WARN_UNDECLARED_SELECTOR = YES;
				GCC_WARN_UNINITIALIZED_AUTOS = YES_AGGRESSIVE;
				GCC_WARN_UNUSED_FUNCTION = YES;
				GCC_WARN_UNUSED_VARIABLE = YES;
				IPHONEOS_DEPLOYMENT_TARGET = 14.5;
				MTL_ENABLE_DEBUG_INFO = INCLUDE_SOURCE;
				MTL_FAST_MATH = YES;
				ONLY_ACTIVE_ARCH = YES;
				SDKROOT = iphoneos;
				SWIFT_ACTIVE_COMPILATION_CONDITIONS = DEBUG;
				SWIFT_OPTIMIZATION_LEVEL = "-Onone";
			};
			name = Debug;
		};
		2CE5776F258106F000B4F204 /* Release */ = {
			isa = XCBuildConfiguration;
			buildSettings = {
				ALWAYS_SEARCH_USER_PATHS = NO;
				CLANG_ANALYZER_NONNULL = YES;
				CLANG_ANALYZER_NUMBER_OBJECT_CONVERSION = YES_AGGRESSIVE;
				CLANG_CXX_LANGUAGE_STANDARD = "gnu++14";
				CLANG_CXX_LIBRARY = "libc++";
				CLANG_ENABLE_MODULES = YES;
				CLANG_ENABLE_OBJC_ARC = YES;
				CLANG_ENABLE_OBJC_WEAK = YES;
				CLANG_WARN_BLOCK_CAPTURE_AUTORELEASING = YES;
				CLANG_WARN_BOOL_CONVERSION = YES;
				CLANG_WARN_COMMA = YES;
				CLANG_WARN_CONSTANT_CONVERSION = YES;
				CLANG_WARN_DEPRECATED_OBJC_IMPLEMENTATIONS = YES;
				CLANG_WARN_DIRECT_OBJC_ISA_USAGE = YES_ERROR;
				CLANG_WARN_DOCUMENTATION_COMMENTS = YES;
				CLANG_WARN_EMPTY_BODY = YES;
				CLANG_WARN_ENUM_CONVERSION = YES;
				CLANG_WARN_INFINITE_RECURSION = YES;
				CLANG_WARN_INT_CONVERSION = YES;
				CLANG_WARN_NON_LITERAL_NULL_CONVERSION = YES;
				CLANG_WARN_OBJC_IMPLICIT_RETAIN_SELF = YES;
				CLANG_WARN_OBJC_LITERAL_CONVERSION = YES;
				CLANG_WARN_OBJC_ROOT_CLASS = YES_ERROR;
				CLANG_WARN_QUOTED_INCLUDE_IN_FRAMEWORK_HEADER = YES;
				CLANG_WARN_RANGE_LOOP_ANALYSIS = YES;
				CLANG_WARN_STRICT_PROTOTYPES = YES;
				CLANG_WARN_SUSPICIOUS_MOVE = YES;
				CLANG_WARN_UNGUARDED_AVAILABILITY = YES_AGGRESSIVE;
				CLANG_WARN_UNREACHABLE_CODE = YES;
				CLANG_WARN__DUPLICATE_METHOD_MATCH = YES;
				COPY_PHASE_STRIP = NO;
				DEBUG_INFORMATION_FORMAT = "dwarf-with-dsym";
				ENABLE_NS_ASSERTIONS = NO;
				ENABLE_STRICT_OBJC_MSGSEND = YES;
				GCC_C_LANGUAGE_STANDARD = gnu11;
				GCC_NO_COMMON_BLOCKS = YES;
				GCC_WARN_64_TO_32_BIT_CONVERSION = YES;
				GCC_WARN_ABOUT_RETURN_TYPE = YES_ERROR;
				GCC_WARN_UNDECLARED_SELECTOR = YES;
				GCC_WARN_UNINITIALIZED_AUTOS = YES_AGGRESSIVE;
				GCC_WARN_UNUSED_FUNCTION = YES;
				GCC_WARN_UNUSED_VARIABLE = YES;
				IPHONEOS_DEPLOYMENT_TARGET = 14.5;
				MTL_ENABLE_DEBUG_INFO = NO;
				MTL_FAST_MATH = YES;
				SDKROOT = iphoneos;
				SWIFT_COMPILATION_MODE = wholemodule;
				SWIFT_OPTIMIZATION_LEVEL = "-O";
			};
			name = Release;
		};
		2CE57771258106F000B4F204 /* Debug */ = {
			isa = XCBuildConfiguration;
			baseConfigurationReference = 8729FDAFE645AC75914977D4 /* Pods-Skate App (iOS).debug.xcconfig */;
			buildSettings = {
				ASSETCATALOG_COMPILER_APPICON_NAME = AppIcon;
				ASSETCATALOG_COMPILER_GLOBAL_ACCENT_COLOR_NAME = AccentColor;
				CODE_SIGN_ENTITLEMENTS = "Skate App.entitlements";
				CODE_SIGN_STYLE = Automatic;
				DEVELOPMENT_TEAM = 8CNKYM26M7;
				ENABLE_BITCODE = YES;
				ENABLE_PREVIEWS = YES;
				FRAMEWORK_SEARCH_PATHS = (
					"$(inherited)",
					"\"${PODS_CONFIGURATION_BUILD_DIR}/AppAuth\"",
					"\"${PODS_CONFIGURATION_BUILD_DIR}/BoringSSL-GRPC\"",
					"\"${PODS_CONFIGURATION_BUILD_DIR}/CombineFirebase\"",
					"\"${PODS_CONFIGURATION_BUILD_DIR}/CombineFirebaseAuthentication\"",
					"\"${PODS_CONFIGURATION_BUILD_DIR}/CombineFirebaseDatabase\"",
					"\"${PODS_CONFIGURATION_BUILD_DIR}/CombineFirebaseFirestore\"",
					"\"${PODS_CONFIGURATION_BUILD_DIR}/CombineFirebaseStorage\"",
					"\"${PODS_CONFIGURATION_BUILD_DIR}/FLAnimatedImage\"",
					"\"${PODS_CONFIGURATION_BUILD_DIR}/FirebaseAuth\"",
					"\"${PODS_CONFIGURATION_BUILD_DIR}/FirebaseCore\"",
					"\"${PODS_CONFIGURATION_BUILD_DIR}/FirebaseCoreDiagnostics\"",
					"\"${PODS_CONFIGURATION_BUILD_DIR}/FirebaseDatabase\"",
					"\"${PODS_CONFIGURATION_BUILD_DIR}/FirebaseFirestore\"",
					"\"${PODS_CONFIGURATION_BUILD_DIR}/FirebaseFirestoreSwift\"",
					"\"${PODS_CONFIGURATION_BUILD_DIR}/FirebaseInstallations\"",
					"\"${PODS_CONFIGURATION_BUILD_DIR}/FirebaseStorage\"",
					"\"${PODS_CONFIGURATION_BUILD_DIR}/GTMAppAuth\"",
					"\"${PODS_CONFIGURATION_BUILD_DIR}/GTMSessionFetcher\"",
					"\"${PODS_CONFIGURATION_BUILD_DIR}/GoogleDataTransport\"",
					"\"${PODS_CONFIGURATION_BUILD_DIR}/GoogleUtilities\"",
					"\"${PODS_CONFIGURATION_BUILD_DIR}/Navajo-Swift\"",
					"\"${PODS_CONFIGURATION_BUILD_DIR}/PromisesObjC\"",
					"\"${PODS_CONFIGURATION_BUILD_DIR}/URLImage\"",
					"\"${PODS_CONFIGURATION_BUILD_DIR}/abseil\"",
					"\"${PODS_CONFIGURATION_BUILD_DIR}/gRPC-C++\"",
					"\"${PODS_CONFIGURATION_BUILD_DIR}/gRPC-Core\"",
					"\"${PODS_CONFIGURATION_BUILD_DIR}/leveldb-library\"",
					"\"${PODS_CONFIGURATION_BUILD_DIR}/nanopb\"",
					"\"${PODS_ROOT}/FirebaseAnalytics/Frameworks\"",
					"\"${PODS_ROOT}/GoogleAppMeasurement/Frameworks\"",
					"\"${PODS_ROOT}/GoogleSignIn/Frameworks\"",
					"\"$(SRCROOT)\"/**",
				);
				INFOPLIST_FILE = iOS/Info.plist;
				IPHONEOS_DEPLOYMENT_TARGET = 14.0;
				LD_RUNPATH_SEARCH_PATHS = (
					"$(inherited)",
					"@executable_path/Frameworks",
				);
				MARKETING_VERSION = 1.2;
				PRODUCT_BUNDLE_IDENTIFIER = "com.Skate-App";
				PRODUCT_NAME = "Skate App";
				SDKROOT = iphoneos;
				SWIFT_VERSION = 5.0;
				TARGETED_DEVICE_FAMILY = 1;
			};
			name = Debug;
		};
		2CE57772258106F000B4F204 /* Release */ = {
			isa = XCBuildConfiguration;
			baseConfigurationReference = B2E88406826F065BEE537A61 /* Pods-Skate App (iOS).release.xcconfig */;
			buildSettings = {
				ASSETCATALOG_COMPILER_APPICON_NAME = AppIcon;
				ASSETCATALOG_COMPILER_GLOBAL_ACCENT_COLOR_NAME = AccentColor;
				CODE_SIGN_ENTITLEMENTS = "Skate App.entitlements";
				CODE_SIGN_STYLE = Automatic;
				DEVELOPMENT_TEAM = 8CNKYM26M7;
				ENABLE_BITCODE = YES;
				ENABLE_PREVIEWS = YES;
				FRAMEWORK_SEARCH_PATHS = (
					"$(inherited)",
					"\"${PODS_CONFIGURATION_BUILD_DIR}/AppAuth\"",
					"\"${PODS_CONFIGURATION_BUILD_DIR}/BoringSSL-GRPC\"",
					"\"${PODS_CONFIGURATION_BUILD_DIR}/CombineFirebase\"",
					"\"${PODS_CONFIGURATION_BUILD_DIR}/CombineFirebaseAuthentication\"",
					"\"${PODS_CONFIGURATION_BUILD_DIR}/CombineFirebaseDatabase\"",
					"\"${PODS_CONFIGURATION_BUILD_DIR}/CombineFirebaseFirestore\"",
					"\"${PODS_CONFIGURATION_BUILD_DIR}/CombineFirebaseStorage\"",
					"\"${PODS_CONFIGURATION_BUILD_DIR}/FLAnimatedImage\"",
					"\"${PODS_CONFIGURATION_BUILD_DIR}/FirebaseAuth\"",
					"\"${PODS_CONFIGURATION_BUILD_DIR}/FirebaseCore\"",
					"\"${PODS_CONFIGURATION_BUILD_DIR}/FirebaseCoreDiagnostics\"",
					"\"${PODS_CONFIGURATION_BUILD_DIR}/FirebaseDatabase\"",
					"\"${PODS_CONFIGURATION_BUILD_DIR}/FirebaseFirestore\"",
					"\"${PODS_CONFIGURATION_BUILD_DIR}/FirebaseFirestoreSwift\"",
					"\"${PODS_CONFIGURATION_BUILD_DIR}/FirebaseInstallations\"",
					"\"${PODS_CONFIGURATION_BUILD_DIR}/FirebaseStorage\"",
					"\"${PODS_CONFIGURATION_BUILD_DIR}/GTMAppAuth\"",
					"\"${PODS_CONFIGURATION_BUILD_DIR}/GTMSessionFetcher\"",
					"\"${PODS_CONFIGURATION_BUILD_DIR}/GoogleDataTransport\"",
					"\"${PODS_CONFIGURATION_BUILD_DIR}/GoogleUtilities\"",
					"\"${PODS_CONFIGURATION_BUILD_DIR}/Navajo-Swift\"",
					"\"${PODS_CONFIGURATION_BUILD_DIR}/PromisesObjC\"",
					"\"${PODS_CONFIGURATION_BUILD_DIR}/URLImage\"",
					"\"${PODS_CONFIGURATION_BUILD_DIR}/abseil\"",
					"\"${PODS_CONFIGURATION_BUILD_DIR}/gRPC-C++\"",
					"\"${PODS_CONFIGURATION_BUILD_DIR}/gRPC-Core\"",
					"\"${PODS_CONFIGURATION_BUILD_DIR}/leveldb-library\"",
					"\"${PODS_CONFIGURATION_BUILD_DIR}/nanopb\"",
					"\"${PODS_ROOT}/FirebaseAnalytics/Frameworks\"",
					"\"${PODS_ROOT}/GoogleAppMeasurement/Frameworks\"",
					"\"${PODS_ROOT}/GoogleSignIn/Frameworks\"",
					"\"$(SRCROOT)\"/**",
				);
				INFOPLIST_FILE = iOS/Info.plist;
				IPHONEOS_DEPLOYMENT_TARGET = 14.0;
				LD_RUNPATH_SEARCH_PATHS = (
					"$(inherited)",
					"@executable_path/Frameworks",
				);
				MARKETING_VERSION = 1.2;
				PRODUCT_BUNDLE_IDENTIFIER = "com.Skate-App";
				PRODUCT_NAME = "Skate App";
				SDKROOT = iphoneos;
				SWIFT_VERSION = 5.0;
				TARGETED_DEVICE_FAMILY = 1;
				VALIDATE_PRODUCT = YES;
			};
			name = Release;
		};
		2CE57777258106F000B4F204 /* Debug */ = {
			isa = XCBuildConfiguration;
			buildSettings = {
				ALWAYS_EMBED_SWIFT_STANDARD_LIBRARIES = YES;
				CODE_SIGN_STYLE = Automatic;
				DEVELOPMENT_TEAM = 8CNKYM26M7;
				INFOPLIST_FILE = "Tests iOS/Info.plist";
				IPHONEOS_DEPLOYMENT_TARGET = 14.2;
				LD_RUNPATH_SEARCH_PATHS = (
					"$(inherited)",
					"@executable_path/Frameworks",
					"@loader_path/Frameworks",
				);
				PRODUCT_BUNDLE_IDENTIFIER = "com.Tests-iOS";
				PRODUCT_NAME = "$(TARGET_NAME)";
				SDKROOT = iphoneos;
				SWIFT_VERSION = 5.0;
				TARGETED_DEVICE_FAMILY = "1,2";
				TEST_TARGET_NAME = "Skate App (iOS)";
			};
			name = Debug;
		};
		2CE57778258106F000B4F204 /* Release */ = {
			isa = XCBuildConfiguration;
			buildSettings = {
				ALWAYS_EMBED_SWIFT_STANDARD_LIBRARIES = YES;
				CODE_SIGN_STYLE = Automatic;
				DEVELOPMENT_TEAM = 8CNKYM26M7;
				INFOPLIST_FILE = "Tests iOS/Info.plist";
				IPHONEOS_DEPLOYMENT_TARGET = 14.2;
				LD_RUNPATH_SEARCH_PATHS = (
					"$(inherited)",
					"@executable_path/Frameworks",
					"@loader_path/Frameworks",
				);
				PRODUCT_BUNDLE_IDENTIFIER = "com.Tests-iOS";
				PRODUCT_NAME = "$(TARGET_NAME)";
				SDKROOT = iphoneos;
				SWIFT_VERSION = 5.0;
				TARGETED_DEVICE_FAMILY = "1,2";
				TEST_TARGET_NAME = "Skate App (iOS)";
				VALIDATE_PRODUCT = YES;
			};
			name = Release;
		};
/* End XCBuildConfiguration section */

/* Begin XCConfigurationList section */
		2CE5773D258106EF00B4F204 /* Build configuration list for PBXProject "Skate App" */ = {
			isa = XCConfigurationList;
			buildConfigurations = (
				2CE5776E258106F000B4F204 /* Debug */,
				2CE5776F258106F000B4F204 /* Release */,
			);
			defaultConfigurationIsVisible = 0;
			defaultConfigurationName = Release;
		};
		2CE57770258106F000B4F204 /* Build configuration list for PBXNativeTarget "Skate App (iOS)" */ = {
			isa = XCConfigurationList;
			buildConfigurations = (
				2CE57771258106F000B4F204 /* Debug */,
				2CE57772258106F000B4F204 /* Release */,
			);
			defaultConfigurationIsVisible = 0;
			defaultConfigurationName = Release;
		};
		2CE57776258106F000B4F204 /* Build configuration list for PBXNativeTarget "Tests iOS" */ = {
			isa = XCConfigurationList;
			buildConfigurations = (
				2CE57777258106F000B4F204 /* Debug */,
				2CE57778258106F000B4F204 /* Release */,
			);
			defaultConfigurationIsVisible = 0;
			defaultConfigurationName = Release;
		};
/* End XCConfigurationList section */

/* Begin XCRemoteSwiftPackageReference section */
		2CBCE5AC260B4F410041D917 /* XCRemoteSwiftPackageReference "ConfettiView" */ = {
			isa = XCRemoteSwiftPackageReference;
			repositoryURL = "https://github.com/ziligy/ConfettiView";
			requirement = {
				kind = upToNextMajorVersion;
				minimumVersion = 1.1.0;
			};
		};
/* End XCRemoteSwiftPackageReference section */

/* Begin XCSwiftPackageProductDependency section */
		2CBCE5AD260B4F410041D917 /* ConfettiView */ = {
			isa = XCSwiftPackageProductDependency;
			package = 2CBCE5AC260B4F410041D917 /* XCRemoteSwiftPackageReference "ConfettiView" */;
			productName = ConfettiView;
		};
/* End XCSwiftPackageProductDependency section */
	};
	rootObject = 2CE5773A258106EF00B4F204 /* Project object */;
}
