// !$*UTF8*$!
{
	archiveVersion = 1;
	classes = {
	};
	objectVersion = 51;
	objects = {

/* Begin PBXBuildFile section */
		2BFA2F70613554E6F3E66816 /* Pods_Skate_App__iOS_.framework in Frameworks */ = {isa = PBXBuildFile; fileRef = DC48F3811C2468610A2D1B19 /* Pods_Skate_App__iOS_.framework */; };
		2C3B003E25A342BB001BFBCA /* TrickListLoader.swift in Sources */ = {isa = PBXBuildFile; fileRef = 2C3B003D25A342BB001BFBCA /* TrickListLoader.swift */; };
		2C4EC609259A206F000470A1 /* AppView.swift in Sources */ = {isa = PBXBuildFile; fileRef = 2C4EC608259A206F000470A1 /* AppView.swift */; };
		2C754FAE2587B4E100EF4FB3 /* settingsView.swift in Sources */ = {isa = PBXBuildFile; fileRef = 2C754FAD2587B4E100EF4FB3 /* settingsView.swift */; };
		2C7E5B5E258118D400B634F5 /* LearnView.swift in Sources */ = {isa = PBXBuildFile; fileRef = 2C7E5B5D258118D400B634F5 /* LearnView.swift */; };
		2C7E5B64258118F000B634F5 /* ExploreView.swift in Sources */ = {isa = PBXBuildFile; fileRef = 2C7E5B63258118F000B634F5 /* ExploreView.swift */; };
		2C7E5B6A2581190900B634F5 /* FeedView.swift in Sources */ = {isa = PBXBuildFile; fileRef = 2C7E5B692581190900B634F5 /* FeedView.swift */; };
		2C7E5B702581191800B634F5 /* ProfileView.swift in Sources */ = {isa = PBXBuildFile; fileRef = 2C7E5B6F2581191800B634F5 /* ProfileView.swift */; };
		2C9B2F08259105D0006A47DA /* TrickRowView.swift in Sources */ = {isa = PBXBuildFile; fileRef = 2C9B2F07259105D0006A47DA /* TrickRowView.swift */; };
		2C9B2F1225922334006A47DA /* TrickView.swift in Sources */ = {isa = PBXBuildFile; fileRef = 2C9B2F1125922334006A47DA /* TrickView.swift */; };
		2C9B2F282592253A006A47DA /* TrickSelectView.swift in Sources */ = {isa = PBXBuildFile; fileRef = 2C9B2F272592253A006A47DA /* TrickSelectView.swift */; };
		2C9B2F3225922BFA006A47DA /* TrickVariationView.swift in Sources */ = {isa = PBXBuildFile; fileRef = 2C9B2F3125922BFA006A47DA /* TrickVariationView.swift */; };
		2CC4D30A25AC7BE600CE1132 /* ScrollingHStackModifier.swift in Sources */ = {isa = PBXBuildFile; fileRef = 2CC4D30925AC7BE600CE1132 /* ScrollingHStackModifier.swift */; };
		2CC4D32325AC9F1100CE1132 /* ThemeAnimationStyle.swift in Sources */ = {isa = PBXBuildFile; fileRef = 2CC4D32225AC9F1000CE1132 /* ThemeAnimationStyle.swift */; };
		2CC4D32725ACCB4200CE1132 /* Trick.swift in Sources */ = {isa = PBXBuildFile; fileRef = 2CC4D32625ACCB4200CE1132 /* Trick.swift */; };
		2CE5775B258106F000B4F204 /* Tests_iOS.swift in Sources */ = {isa = PBXBuildFile; fileRef = 2CE5775A258106F000B4F204 /* Tests_iOS.swift */; };
		2CE57768258106F000B4F204 /* Skate_AppApp.swift in Sources */ = {isa = PBXBuildFile; fileRef = 2CE5773F258106EF00B4F204 /* Skate_AppApp.swift */; };
		2CE5776A258106F000B4F204 /* ContentView.swift in Sources */ = {isa = PBXBuildFile; fileRef = 2CE57740258106EF00B4F204 /* ContentView.swift */; };
		2CE5776C258106F000B4F204 /* Assets.xcassets in Resources */ = {isa = PBXBuildFile; fileRef = 2CE57741258106F000B4F204 /* Assets.xcassets */; };
		2CE5778125810A3900B4F204 /* HomeView.swift in Sources */ = {isa = PBXBuildFile; fileRef = 2CE5778025810A3900B4F204 /* HomeView.swift */; };
		2CE864822598C8E6004E6D12 /* LogInView.swift in Sources */ = {isa = PBXBuildFile; fileRef = 2CE864812598C8E6004E6D12 /* LogInView.swift */; };
		2CE864882598CB06004E6D12 /* GoogleService-Info.plist in Resources */ = {isa = PBXBuildFile; fileRef = 2CE864872598CB06004E6D12 /* GoogleService-Info.plist */; };
/* End PBXBuildFile section */

/* Begin PBXContainerItemProxy section */
		2CE57757258106F000B4F204 /* PBXContainerItemProxy */ = {
			isa = PBXContainerItemProxy;
			containerPortal = 2CE5773A258106EF00B4F204 /* Project object */;
			proxyType = 1;
			remoteGlobalIDString = 2CE57745258106F000B4F204;
			remoteInfo = "Skate App (iOS)";
		};
/* End PBXContainerItemProxy section */

/* Begin PBXFileReference section */
		2C3B003D25A342BB001BFBCA /* TrickListLoader.swift */ = {isa = PBXFileReference; lastKnownFileType = sourcecode.swift; path = TrickListLoader.swift; sourceTree = "<group>"; };
		2C4EC608259A206F000470A1 /* AppView.swift */ = {isa = PBXFileReference; lastKnownFileType = sourcecode.swift; path = AppView.swift; sourceTree = "<group>"; };
		2C754FAD2587B4E100EF4FB3 /* settingsView.swift */ = {isa = PBXFileReference; lastKnownFileType = sourcecode.swift; path = settingsView.swift; sourceTree = "<group>"; };
		2C7E5B5D258118D400B634F5 /* LearnView.swift */ = {isa = PBXFileReference; lastKnownFileType = sourcecode.swift; path = LearnView.swift; sourceTree = "<group>"; };
		2C7E5B63258118F000B634F5 /* ExploreView.swift */ = {isa = PBXFileReference; lastKnownFileType = sourcecode.swift; path = ExploreView.swift; sourceTree = "<group>"; };
		2C7E5B692581190900B634F5 /* FeedView.swift */ = {isa = PBXFileReference; lastKnownFileType = sourcecode.swift; path = FeedView.swift; sourceTree = "<group>"; };
		2C7E5B6F2581191800B634F5 /* ProfileView.swift */ = {isa = PBXFileReference; lastKnownFileType = sourcecode.swift; path = ProfileView.swift; sourceTree = "<group>"; };
		2C9B2F07259105D0006A47DA /* TrickRowView.swift */ = {isa = PBXFileReference; lastKnownFileType = sourcecode.swift; path = TrickRowView.swift; sourceTree = "<group>"; };
		2C9B2F1125922334006A47DA /* TrickView.swift */ = {isa = PBXFileReference; lastKnownFileType = sourcecode.swift; path = TrickView.swift; sourceTree = "<group>"; };
		2C9B2F272592253A006A47DA /* TrickSelectView.swift */ = {isa = PBXFileReference; lastKnownFileType = sourcecode.swift; path = TrickSelectView.swift; sourceTree = "<group>"; };
		2C9B2F3125922BFA006A47DA /* TrickVariationView.swift */ = {isa = PBXFileReference; lastKnownFileType = sourcecode.swift; path = TrickVariationView.swift; sourceTree = "<group>"; };
		2CC4D30925AC7BE600CE1132 /* ScrollingHStackModifier.swift */ = {isa = PBXFileReference; lastKnownFileType = sourcecode.swift; path = ScrollingHStackModifier.swift; sourceTree = "<group>"; };
		2CC4D32225AC9F1000CE1132 /* ThemeAnimationStyle.swift */ = {isa = PBXFileReference; lastKnownFileType = sourcecode.swift; path = ThemeAnimationStyle.swift; sourceTree = "<group>"; };
		2CC4D32625ACCB4200CE1132 /* Trick.swift */ = {isa = PBXFileReference; lastKnownFileType = sourcecode.swift; path = Trick.swift; sourceTree = "<group>"; };
		2CE5773F258106EF00B4F204 /* Skate_AppApp.swift */ = {isa = PBXFileReference; lastKnownFileType = sourcecode.swift; path = Skate_AppApp.swift; sourceTree = "<group>"; };
		2CE57740258106EF00B4F204 /* ContentView.swift */ = {isa = PBXFileReference; lastKnownFileType = sourcecode.swift; path = ContentView.swift; sourceTree = "<group>"; };
		2CE57741258106F000B4F204 /* Assets.xcassets */ = {isa = PBXFileReference; lastKnownFileType = folder.assetcatalog; path = Assets.xcassets; sourceTree = "<group>"; };
		2CE57746258106F000B4F204 /* Skate App.app */ = {isa = PBXFileReference; explicitFileType = wrapper.application; includeInIndex = 0; path = "Skate App.app"; sourceTree = BUILT_PRODUCTS_DIR; };
		2CE57749258106F000B4F204 /* Info.plist */ = {isa = PBXFileReference; lastKnownFileType = text.plist.xml; path = Info.plist; sourceTree = "<group>"; };
		2CE57756258106F000B4F204 /* Tests iOS.xctest */ = {isa = PBXFileReference; explicitFileType = wrapper.cfbundle; includeInIndex = 0; path = "Tests iOS.xctest"; sourceTree = BUILT_PRODUCTS_DIR; };
		2CE5775A258106F000B4F204 /* Tests_iOS.swift */ = {isa = PBXFileReference; lastKnownFileType = sourcecode.swift; path = Tests_iOS.swift; sourceTree = "<group>"; };
		2CE5775C258106F000B4F204 /* Info.plist */ = {isa = PBXFileReference; lastKnownFileType = text.plist.xml; path = Info.plist; sourceTree = "<group>"; };
		2CE5778025810A3900B4F204 /* HomeView.swift */ = {isa = PBXFileReference; lastKnownFileType = sourcecode.swift; path = HomeView.swift; sourceTree = "<group>"; };
		2CE864812598C8E6004E6D12 /* LogInView.swift */ = {isa = PBXFileReference; lastKnownFileType = sourcecode.swift; path = LogInView.swift; sourceTree = "<group>"; };
		2CE864872598CB06004E6D12 /* GoogleService-Info.plist */ = {isa = PBXFileReference; fileEncoding = 4; lastKnownFileType = text.plist.xml; name = "GoogleService-Info.plist"; path = "../../Downloads/GoogleService-Info.plist"; sourceTree = "<group>"; };
		9DA1CEC298FAF8862E147BA8 /* Pods-Skate App (iOS).debug.xcconfig */ = {isa = PBXFileReference; includeInIndex = 1; lastKnownFileType = text.xcconfig; name = "Pods-Skate App (iOS).debug.xcconfig"; path = "Target Support Files/Pods-Skate App (iOS)/Pods-Skate App (iOS).debug.xcconfig"; sourceTree = "<group>"; };
		DC48F3811C2468610A2D1B19 /* Pods_Skate_App__iOS_.framework */ = {isa = PBXFileReference; explicitFileType = wrapper.framework; includeInIndex = 0; path = Pods_Skate_App__iOS_.framework; sourceTree = BUILT_PRODUCTS_DIR; };
		F61B2CD3611F25523C63A1F8 /* Pods-Skate App (iOS).release.xcconfig */ = {isa = PBXFileReference; includeInIndex = 1; lastKnownFileType = text.xcconfig; name = "Pods-Skate App (iOS).release.xcconfig"; path = "Target Support Files/Pods-Skate App (iOS)/Pods-Skate App (iOS).release.xcconfig"; sourceTree = "<group>"; };
/* End PBXFileReference section */

/* Begin PBXFrameworksBuildPhase section */
		2CE57743258106F000B4F204 /* Frameworks */ = {
			isa = PBXFrameworksBuildPhase;
			buildActionMask = 2147483647;
			files = (
				2BFA2F70613554E6F3E66816 /* Pods_Skate_App__iOS_.framework in Frameworks */,
			);
			runOnlyForDeploymentPostprocessing = 0;
		};
		2CE57753258106F000B4F204 /* Frameworks */ = {
			isa = PBXFrameworksBuildPhase;
			buildActionMask = 2147483647;
			files = (
			);
			runOnlyForDeploymentPostprocessing = 0;
		};
/* End PBXFrameworksBuildPhase section */

/* Begin PBXGroup section */
		2C3B003C25A3429D001BFBCA /* Classes */ = {
			isa = PBXGroup;
			children = (
				2C3B003D25A342BB001BFBCA /* TrickListLoader.swift */,
				2CC4D32625ACCB4200CE1132 /* Trick.swift */,
			);
			path = Classes;
			sourceTree = "<group>";
		};
		2C721090258266650060EE76 /* Main views */ = {
			isa = PBXGroup;
			children = (
				2CE5778025810A3900B4F204 /* HomeView.swift */,
				2C7E5B5D258118D400B634F5 /* LearnView.swift */,
				2C7E5B63258118F000B634F5 /* ExploreView.swift */,
				2C7E5B692581190900B634F5 /* FeedView.swift */,
				2C7E5B6F2581191800B634F5 /* ProfileView.swift */,
				2CE864812598C8E6004E6D12 /* LogInView.swift */,
				2C4EC608259A206F000470A1 /* AppView.swift */,
			);
			path = "Main views";
			sourceTree = "<group>";
		};
		2C7210912582669A0060EE76 /* Specific views */ = {
			isa = PBXGroup;
			children = (
				2C754FAD2587B4E100EF4FB3 /* settingsView.swift */,
				2C9B2F1125922334006A47DA /* TrickView.swift */,
				2C9B2F272592253A006A47DA /* TrickSelectView.swift */,
			);
			path = "Specific views";
			sourceTree = "<group>";
		};
		2C9B2F0625910583006A47DA /* Small views */ = {
			isa = PBXGroup;
			children = (
				2C9B2F07259105D0006A47DA /* TrickRowView.swift */,
				2C9B2F3125922BFA006A47DA /* TrickVariationView.swift */,
				2CC4D30925AC7BE600CE1132 /* ScrollingHStackModifier.swift */,
				2CC4D32225AC9F1000CE1132 /* ThemeAnimationStyle.swift */,
			);
			path = "Small views";
			sourceTree = "<group>";
		};
		2CE57739258106EF00B4F204 = {
			isa = PBXGroup;
			children = (
				2CE864872598CB06004E6D12 /* GoogleService-Info.plist */,
				2CE5773E258106EF00B4F204 /* Shared */,
				2CE57748258106F000B4F204 /* iOS */,
				2CE57759258106F000B4F204 /* Tests iOS */,
				2CE57747258106F000B4F204 /* Products */,
				86D3FFAD3CCDD9640830EF55 /* Pods */,
				59BE4152CEE27F54DBE487A3 /* Frameworks */,
			);
			sourceTree = "<group>";
		};
		2CE5773E258106EF00B4F204 /* Shared */ = {
			isa = PBXGroup;
			children = (
				2C3B003C25A3429D001BFBCA /* Classes */,
				2C9B2F0625910583006A47DA /* Small views */,
				2C7210912582669A0060EE76 /* Specific views */,
				2C721090258266650060EE76 /* Main views */,
				2CE5773F258106EF00B4F204 /* Skate_AppApp.swift */,
				2CE57740258106EF00B4F204 /* ContentView.swift */,
				2CE57741258106F000B4F204 /* Assets.xcassets */,
			);
			path = Shared;
			sourceTree = "<group>";
		};
		2CE57747258106F000B4F204 /* Products */ = {
			isa = PBXGroup;
			children = (
				2CE57746258106F000B4F204 /* Skate App.app */,
				2CE57756258106F000B4F204 /* Tests iOS.xctest */,
			);
			name = Products;
			sourceTree = "<group>";
		};
		2CE57748258106F000B4F204 /* iOS */ = {
			isa = PBXGroup;
			children = (
				2CE57749258106F000B4F204 /* Info.plist */,
			);
			path = iOS;
			sourceTree = "<group>";
		};
		2CE57759258106F000B4F204 /* Tests iOS */ = {
			isa = PBXGroup;
			children = (
				2CE5775A258106F000B4F204 /* Tests_iOS.swift */,
				2CE5775C258106F000B4F204 /* Info.plist */,
			);
			path = "Tests iOS";
			sourceTree = "<group>";
		};
		59BE4152CEE27F54DBE487A3 /* Frameworks */ = {
			isa = PBXGroup;
			children = (
				DC48F3811C2468610A2D1B19 /* Pods_Skate_App__iOS_.framework */,
			);
			name = Frameworks;
			sourceTree = "<group>";
		};
		86D3FFAD3CCDD9640830EF55 /* Pods */ = {
			isa = PBXGroup;
			children = (
				9DA1CEC298FAF8862E147BA8 /* Pods-Skate App (iOS).debug.xcconfig */,
				F61B2CD3611F25523C63A1F8 /* Pods-Skate App (iOS).release.xcconfig */,
			);
			path = Pods;
			sourceTree = "<group>";
		};
/* End PBXGroup section */

/* Begin PBXNativeTarget section */
		2CE57745258106F000B4F204 /* Skate App (iOS) */ = {
			isa = PBXNativeTarget;
			buildConfigurationList = 2CE57770258106F000B4F204 /* Build configuration list for PBXNativeTarget "Skate App (iOS)" */;
			buildPhases = (
				0A4F3C742D2DE88C25887A44 /* [CP] Check Pods Manifest.lock */,
				2CE57742258106F000B4F204 /* Sources */,
				2CE57743258106F000B4F204 /* Frameworks */,
				2CE57744258106F000B4F204 /* Resources */,
				245D651C5E7476837FE90127 /* [CP] Embed Pods Frameworks */,
				617B1F73F7A1B36BEC1602D9 /* [CP] Copy Pods Resources */,
			);
			buildRules = (
			);
			dependencies = (
			);
			name = "Skate App (iOS)";
			productName = "Skate App (iOS)";
			productReference = 2CE57746258106F000B4F204 /* Skate App.app */;
			productType = "com.apple.product-type.application";
		};
		2CE57755258106F000B4F204 /* Tests iOS */ = {
			isa = PBXNativeTarget;
			buildConfigurationList = 2CE57776258106F000B4F204 /* Build configuration list for PBXNativeTarget "Tests iOS" */;
			buildPhases = (
				2CE57752258106F000B4F204 /* Sources */,
				2CE57753258106F000B4F204 /* Frameworks */,
				2CE57754258106F000B4F204 /* Resources */,
			);
			buildRules = (
			);
			dependencies = (
				2CE57758258106F000B4F204 /* PBXTargetDependency */,
			);
			name = "Tests iOS";
			productName = "Tests iOS";
			productReference = 2CE57756258106F000B4F204 /* Tests iOS.xctest */;
			productType = "com.apple.product-type.bundle.ui-testing";
		};
/* End PBXNativeTarget section */

/* Begin PBXProject section */
		2CE5773A258106EF00B4F204 /* Project object */ = {
			isa = PBXProject;
			attributes = {
				LastSwiftUpdateCheck = 1220;
				LastUpgradeCheck = 1220;
				TargetAttributes = {
					2CE57745258106F000B4F204 = {
						CreatedOnToolsVersion = 12.2;
					};
					2CE57755258106F000B4F204 = {
						CreatedOnToolsVersion = 12.2;
						TestTargetID = 2CE57745258106F000B4F204;
					};
				};
			};
			buildConfigurationList = 2CE5773D258106EF00B4F204 /* Build configuration list for PBXProject "Skate App" */;
			compatibilityVersion = "Xcode 9.3";
			developmentRegion = en;
			hasScannedForEncodings = 0;
			knownRegions = (
				en,
				Base,
			);
			mainGroup = 2CE57739258106EF00B4F204;
			productRefGroup = 2CE57747258106F000B4F204 /* Products */;
			projectDirPath = "";
			projectRoot = "";
			targets = (
				2CE57745258106F000B4F204 /* Skate App (iOS) */,
				2CE57755258106F000B4F204 /* Tests iOS */,
			);
		};
/* End PBXProject section */

/* Begin PBXResourcesBuildPhase section */
		2CE57744258106F000B4F204 /* Resources */ = {
			isa = PBXResourcesBuildPhase;
			buildActionMask = 2147483647;
			files = (
				2CE5776C258106F000B4F204 /* Assets.xcassets in Resources */,
				2CE864882598CB06004E6D12 /* GoogleService-Info.plist in Resources */,
			);
			runOnlyForDeploymentPostprocessing = 0;
		};
		2CE57754258106F000B4F204 /* Resources */ = {
			isa = PBXResourcesBuildPhase;
			buildActionMask = 2147483647;
			files = (
			);
			runOnlyForDeploymentPostprocessing = 0;
		};
/* End PBXResourcesBuildPhase section */

/* Begin PBXShellScriptBuildPhase section */
		0A4F3C742D2DE88C25887A44 /* [CP] Check Pods Manifest.lock */ = {
			isa = PBXShellScriptBuildPhase;
			buildActionMask = 2147483647;
			files = (
			);
			inputFileListPaths = (
			);
			inputPaths = (
				"${PODS_PODFILE_DIR_PATH}/Podfile.lock",
				"${PODS_ROOT}/Manifest.lock",
			);
			name = "[CP] Check Pods Manifest.lock";
			outputFileListPaths = (
			);
			outputPaths = (
				"$(DERIVED_FILE_DIR)/Pods-Skate App (iOS)-checkManifestLockResult.txt",
			);
			runOnlyForDeploymentPostprocessing = 0;
			shellPath = /bin/sh;
			shellScript = "diff \"${PODS_PODFILE_DIR_PATH}/Podfile.lock\" \"${PODS_ROOT}/Manifest.lock\" > /dev/null\nif [ $? != 0 ] ; then\n    # print error to STDERR\n    echo \"error: The sandbox is not in sync with the Podfile.lock. Run 'pod install' or update your CocoaPods installation.\" >&2\n    exit 1\nfi\n# This output is used by Xcode 'outputs' to avoid re-running this script phase.\necho \"SUCCESS\" > \"${SCRIPT_OUTPUT_FILE_0}\"\n";
			showEnvVarsInLog = 0;
		};
		245D651C5E7476837FE90127 /* [CP] Embed Pods Frameworks */ = {
			isa = PBXShellScriptBuildPhase;
			buildActionMask = 2147483647;
			files = (
			);
			inputFileListPaths = (
				"${PODS_ROOT}/Target Support Files/Pods-Skate App (iOS)/Pods-Skate App (iOS)-frameworks-${CONFIGURATION}-input-files.xcfilelist",
			);
			name = "[CP] Embed Pods Frameworks";
			outputFileListPaths = (
				"${PODS_ROOT}/Target Support Files/Pods-Skate App (iOS)/Pods-Skate App (iOS)-frameworks-${CONFIGURATION}-output-files.xcfilelist",
			);
			runOnlyForDeploymentPostprocessing = 0;
			shellPath = /bin/sh;
			shellScript = "\"${PODS_ROOT}/Target Support Files/Pods-Skate App (iOS)/Pods-Skate App (iOS)-frameworks.sh\"\n";
			showEnvVarsInLog = 0;
		};
		617B1F73F7A1B36BEC1602D9 /* [CP] Copy Pods Resources */ = {
			isa = PBXShellScriptBuildPhase;
			buildActionMask = 2147483647;
			files = (
			);
			inputFileListPaths = (
				"${PODS_ROOT}/Target Support Files/Pods-Skate App (iOS)/Pods-Skate App (iOS)-resources-${CONFIGURATION}-input-files.xcfilelist",
			);
			name = "[CP] Copy Pods Resources";
			outputFileListPaths = (
				"${PODS_ROOT}/Target Support Files/Pods-Skate App (iOS)/Pods-Skate App (iOS)-resources-${CONFIGURATION}-output-files.xcfilelist",
			);
			runOnlyForDeploymentPostprocessing = 0;
			shellPath = /bin/sh;
			shellScript = "\"${PODS_ROOT}/Target Support Files/Pods-Skate App (iOS)/Pods-Skate App (iOS)-resources.sh\"\n";
			showEnvVarsInLog = 0;
		};
/* End PBXShellScriptBuildPhase section */

/* Begin PBXSourcesBuildPhase section */
		2CE57742258106F000B4F204 /* Sources */ = {
			isa = PBXSourcesBuildPhase;
			buildActionMask = 2147483647;
			files = (
				2C9B2F282592253A006A47DA /* TrickSelectView.swift in Sources */,
				2CC4D32325AC9F1100CE1132 /* ThemeAnimationStyle.swift in Sources */,
				2C7E5B702581191800B634F5 /* ProfileView.swift in Sources */,
				2CC4D30A25AC7BE600CE1132 /* ScrollingHStackModifier.swift in Sources */,
				2C9B2F3225922BFA006A47DA /* TrickVariationView.swift in Sources */,
				2C9B2F08259105D0006A47DA /* TrickRowView.swift in Sources */,
				2C7E5B6A2581190900B634F5 /* FeedView.swift in Sources */,
				2CC4D32725ACCB4200CE1132 /* Trick.swift in Sources */,
				2C7E5B5E258118D400B634F5 /* LearnView.swift in Sources */,
				2CE5778125810A3900B4F204 /* HomeView.swift in Sources */,
				2C754FAE2587B4E100EF4FB3 /* settingsView.swift in Sources */,
				2C3B003E25A342BB001BFBCA /* TrickListLoader.swift in Sources */,
				2CE864822598C8E6004E6D12 /* LogInView.swift in Sources */,
				2CE5776A258106F000B4F204 /* ContentView.swift in Sources */,
				2C4EC609259A206F000470A1 /* AppView.swift in Sources */,
				2C7E5B64258118F000B634F5 /* ExploreView.swift in Sources */,
				2C9B2F1225922334006A47DA /* TrickView.swift in Sources */,
				2CE57768258106F000B4F204 /* Skate_AppApp.swift in Sources */,
			);
			runOnlyForDeploymentPostprocessing = 0;
		};
		2CE57752258106F000B4F204 /* Sources */ = {
			isa = PBXSourcesBuildPhase;
			buildActionMask = 2147483647;
			files = (
				2CE5775B258106F000B4F204 /* Tests_iOS.swift in Sources */,
			);
			runOnlyForDeploymentPostprocessing = 0;
		};
/* End PBXSourcesBuildPhase section */

/* Begin PBXTargetDependency section */
		2CE57758258106F000B4F204 /* PBXTargetDependency */ = {
			isa = PBXTargetDependency;
			target = 2CE57745258106F000B4F204 /* Skate App (iOS) */;
			targetProxy = 2CE57757258106F000B4F204 /* PBXContainerItemProxy */;
		};
/* End PBXTargetDependency section */

/* Begin XCBuildConfiguration section */
		2CE5776E258106F000B4F204 /* Debug */ = {
			isa = XCBuildConfiguration;
			buildSettings = {
				ALWAYS_SEARCH_USER_PATHS = NO;
				CLANG_ANALYZER_NONNULL = YES;
				CLANG_ANALYZER_NUMBER_OBJECT_CONVERSION = YES_AGGRESSIVE;
				CLANG_CXX_LANGUAGE_STANDARD = "gnu++14";
				CLANG_CXX_LIBRARY = "libc++";
				CLANG_ENABLE_MODULES = YES;
				CLANG_ENABLE_OBJC_ARC = YES;
				CLANG_ENABLE_OBJC_WEAK = YES;
				CLANG_WARN_BLOCK_CAPTURE_AUTORELEASING = YES;
				CLANG_WARN_BOOL_CONVERSION = YES;
				CLANG_WARN_COMMA = YES;
				CLANG_WARN_CONSTANT_CONVERSION = YES;
				CLANG_WARN_DEPRECATED_OBJC_IMPLEMENTATIONS = YES;
				CLANG_WARN_DIRECT_OBJC_ISA_USAGE = YES_ERROR;
				CLANG_WARN_DOCUMENTATION_COMMENTS = YES;
				CLANG_WARN_EMPTY_BODY = YES;
				CLANG_WARN_ENUM_CONVERSION = YES;
				CLANG_WARN_INFINITE_RECURSION = YES;
				CLANG_WARN_INT_CONVERSION = YES;
				CLANG_WARN_NON_LITERAL_NULL_CONVERSION = YES;
				CLANG_WARN_OBJC_IMPLICIT_RETAIN_SELF = YES;
				CLANG_WARN_OBJC_LITERAL_CONVERSION = YES;
				CLANG_WARN_OBJC_ROOT_CLASS = YES_ERROR;
				CLANG_WARN_QUOTED_INCLUDE_IN_FRAMEWORK_HEADER = YES;
				CLANG_WARN_RANGE_LOOP_ANALYSIS = YES;
				CLANG_WARN_STRICT_PROTOTYPES = YES;
				CLANG_WARN_SUSPICIOUS_MOVE = YES;
				CLANG_WARN_UNGUARDED_AVAILABILITY = YES_AGGRESSIVE;
				CLANG_WARN_UNREACHABLE_CODE = YES;
				CLANG_WARN__DUPLICATE_METHOD_MATCH = YES;
				COPY_PHASE_STRIP = NO;
				DEBUG_INFORMATION_FORMAT = dwarf;
				ENABLE_STRICT_OBJC_MSGSEND = YES;
				ENABLE_TESTABILITY = YES;
				GCC_C_LANGUAGE_STANDARD = gnu11;
				GCC_DYNAMIC_NO_PIC = NO;
				GCC_NO_COMMON_BLOCKS = YES;
				GCC_OPTIMIZATION_LEVEL = 0;
				GCC_PREPROCESSOR_DEFINITIONS = (
					"DEBUG=1",
					"$(inherited)",
				);
				GCC_WARN_64_TO_32_BIT_CONVERSION = YES;
				GCC_WARN_ABOUT_RETURN_TYPE = YES_ERROR;
				GCC_WARN_UNDECLARED_SELECTOR = YES;
				GCC_WARN_UNINITIALIZED_AUTOS = YES_AGGRESSIVE;
				GCC_WARN_UNUSED_FUNCTION = YES;
				GCC_WARN_UNUSED_VARIABLE = YES;
				MTL_ENABLE_DEBUG_INFO = INCLUDE_SOURCE;
				MTL_FAST_MATH = YES;
				ONLY_ACTIVE_ARCH = YES;
				SWIFT_ACTIVE_COMPILATION_CONDITIONS = DEBUG;
				SWIFT_OPTIMIZATION_LEVEL = "-Onone";
			};
			name = Debug;
		};
		2CE5776F258106F000B4F204 /* Release */ = {
			isa = XCBuildConfiguration;
			buildSettings = {
				ALWAYS_SEARCH_USER_PATHS = NO;
				CLANG_ANALYZER_NONNULL = YES;
				CLANG_ANALYZER_NUMBER_OBJECT_CONVERSION = YES_AGGRESSIVE;
				CLANG_CXX_LANGUAGE_STANDARD = "gnu++14";
				CLANG_CXX_LIBRARY = "libc++";
				CLANG_ENABLE_MODULES = YES;
				CLANG_ENABLE_OBJC_ARC = YES;
				CLANG_ENABLE_OBJC_WEAK = YES;
				CLANG_WARN_BLOCK_CAPTURE_AUTORELEASING = YES;
				CLANG_WARN_BOOL_CONVERSION = YES;
				CLANG_WARN_COMMA = YES;
				CLANG_WARN_CONSTANT_CONVERSION = YES;
				CLANG_WARN_DEPRECATED_OBJC_IMPLEMENTATIONS = YES;
				CLANG_WARN_DIRECT_OBJC_ISA_USAGE = YES_ERROR;
				CLANG_WARN_DOCUMENTATION_COMMENTS = YES;
				CLANG_WARN_EMPTY_BODY = YES;
				CLANG_WARN_ENUM_CONVERSION = YES;
				CLANG_WARN_INFINITE_RECURSION = YES;
				CLANG_WARN_INT_CONVERSION = YES;
				CLANG_WARN_NON_LITERAL_NULL_CONVERSION = YES;
				CLANG_WARN_OBJC_IMPLICIT_RETAIN_SELF = YES;
				CLANG_WARN_OBJC_LITERAL_CONVERSION = YES;
				CLANG_WARN_OBJC_ROOT_CLASS = YES_ERROR;
				CLANG_WARN_QUOTED_INCLUDE_IN_FRAMEWORK_HEADER = YES;
				CLANG_WARN_RANGE_LOOP_ANALYSIS = YES;
				CLANG_WARN_STRICT_PROTOTYPES = YES;
				CLANG_WARN_SUSPICIOUS_MOVE = YES;
				CLANG_WARN_UNGUARDED_AVAILABILITY = YES_AGGRESSIVE;
				CLANG_WARN_UNREACHABLE_CODE = YES;
				CLANG_WARN__DUPLICATE_METHOD_MATCH = YES;
				COPY_PHASE_STRIP = NO;
				DEBUG_INFORMATION_FORMAT = "dwarf-with-dsym";
				ENABLE_NS_ASSERTIONS = NO;
				ENABLE_STRICT_OBJC_MSGSEND = YES;
				GCC_C_LANGUAGE_STANDARD = gnu11;
				GCC_NO_COMMON_BLOCKS = YES;
				GCC_WARN_64_TO_32_BIT_CONVERSION = YES;
				GCC_WARN_ABOUT_RETURN_TYPE = YES_ERROR;
				GCC_WARN_UNDECLARED_SELECTOR = YES;
				GCC_WARN_UNINITIALIZED_AUTOS = YES_AGGRESSIVE;
				GCC_WARN_UNUSED_FUNCTION = YES;
				GCC_WARN_UNUSED_VARIABLE = YES;
				MTL_ENABLE_DEBUG_INFO = NO;
				MTL_FAST_MATH = YES;
				SWIFT_COMPILATION_MODE = wholemodule;
				SWIFT_OPTIMIZATION_LEVEL = "-O";
			};
			name = Release;
		};
		2CE57771258106F000B4F204 /* Debug */ = {
			isa = XCBuildConfiguration;
			baseConfigurationReference = 9DA1CEC298FAF8862E147BA8 /* Pods-Skate App (iOS).debug.xcconfig */;
			buildSettings = {
				ASSETCATALOG_COMPILER_APPICON_NAME = AppIcon;
				ASSETCATALOG_COMPILER_GLOBAL_ACCENT_COLOR_NAME = AccentColor;
				CODE_SIGN_STYLE = Automatic;
				DEVELOPMENT_TEAM = 8CNKYM26M7;
				ENABLE_PREVIEWS = YES;
				INFOPLIST_FILE = iOS/Info.plist;
				IPHONEOS_DEPLOYMENT_TARGET = 14.0;
				LD_RUNPATH_SEARCH_PATHS = (
					"$(inherited)",
					"@executable_path/Frameworks",
				);
				PRODUCT_BUNDLE_IDENTIFIER = "com.Skate-App";
				PRODUCT_NAME = "Skate App";
				SDKROOT = iphoneos;
				SWIFT_VERSION = 5.0;
				TARGETED_DEVICE_FAMILY = "1,2";
			};
			name = Debug;
		};
		2CE57772258106F000B4F204 /* Release */ = {
			isa = XCBuildConfiguration;
			baseConfigurationReference = F61B2CD3611F25523C63A1F8 /* Pods-Skate App (iOS).release.xcconfig */;
			buildSettings = {
				ASSETCATALOG_COMPILER_APPICON_NAME = AppIcon;
				ASSETCATALOG_COMPILER_GLOBAL_ACCENT_COLOR_NAME = AccentColor;
				CODE_SIGN_STYLE = Automatic;
				DEVELOPMENT_TEAM = 8CNKYM26M7;
				ENABLE_PREVIEWS = YES;
				INFOPLIST_FILE = iOS/Info.plist;
				IPHONEOS_DEPLOYMENT_TARGET = 14.0;
				LD_RUNPATH_SEARCH_PATHS = (
					"$(inherited)",
					"@executable_path/Frameworks",
				);
				PRODUCT_BUNDLE_IDENTIFIER = "com.Skate-App";
				PRODUCT_NAME = "Skate App";
				SDKROOT = iphoneos;
				SWIFT_VERSION = 5.0;
				TARGETED_DEVICE_FAMILY = "1,2";
				VALIDATE_PRODUCT = YES;
			};
			name = Release;
		};
		2CE57777258106F000B4F204 /* Debug */ = {
			isa = XCBuildConfiguration;
			buildSettings = {
				ALWAYS_EMBED_SWIFT_STANDARD_LIBRARIES = YES;
				CODE_SIGN_STYLE = Automatic;
				DEVELOPMENT_TEAM = 8CNKYM26M7;
				INFOPLIST_FILE = "Tests iOS/Info.plist";
				IPHONEOS_DEPLOYMENT_TARGET = 14.2;
				LD_RUNPATH_SEARCH_PATHS = (
					"$(inherited)",
					"@executable_path/Frameworks",
					"@loader_path/Frameworks",
				);
				PRODUCT_BUNDLE_IDENTIFIER = "com.Tests-iOS";
				PRODUCT_NAME = "$(TARGET_NAME)";
				SDKROOT = iphoneos;
				SWIFT_VERSION = 5.0;
				TARGETED_DEVICE_FAMILY = "1,2";
				TEST_TARGET_NAME = "Skate App (iOS)";
			};
			name = Debug;
		};
		2CE57778258106F000B4F204 /* Release */ = {
			isa = XCBuildConfiguration;
			buildSettings = {
				ALWAYS_EMBED_SWIFT_STANDARD_LIBRARIES = YES;
				CODE_SIGN_STYLE = Automatic;
				DEVELOPMENT_TEAM = 8CNKYM26M7;
				INFOPLIST_FILE = "Tests iOS/Info.plist";
				IPHONEOS_DEPLOYMENT_TARGET = 14.2;
				LD_RUNPATH_SEARCH_PATHS = (
					"$(inherited)",
					"@executable_path/Frameworks",
					"@loader_path/Frameworks",
				);
				PRODUCT_BUNDLE_IDENTIFIER = "com.Tests-iOS";
				PRODUCT_NAME = "$(TARGET_NAME)";
				SDKROOT = iphoneos;
				SWIFT_VERSION = 5.0;
				TARGETED_DEVICE_FAMILY = "1,2";
				TEST_TARGET_NAME = "Skate App (iOS)";
				VALIDATE_PRODUCT = YES;
			};
			name = Release;
		};
/* End XCBuildConfiguration section */

/* Begin XCConfigurationList section */
		2CE5773D258106EF00B4F204 /* Build configuration list for PBXProject "Skate App" */ = {
			isa = XCConfigurationList;
			buildConfigurations = (
				2CE5776E258106F000B4F204 /* Debug */,
				2CE5776F258106F000B4F204 /* Release */,
			);
			defaultConfigurationIsVisible = 0;
			defaultConfigurationName = Release;
		};
		2CE57770258106F000B4F204 /* Build configuration list for PBXNativeTarget "Skate App (iOS)" */ = {
			isa = XCConfigurationList;
			buildConfigurations = (
				2CE57771258106F000B4F204 /* Debug */,
				2CE57772258106F000B4F204 /* Release */,
			);
			defaultConfigurationIsVisible = 0;
			defaultConfigurationName = Release;
		};
		2CE57776258106F000B4F204 /* Build configuration list for PBXNativeTarget "Tests iOS" */ = {
			isa = XCConfigurationList;
			buildConfigurations = (
				2CE57777258106F000B4F204 /* Debug */,
				2CE57778258106F000B4F204 /* Release */,
			);
			defaultConfigurationIsVisible = 0;
			defaultConfigurationName = Release;
		};
/* End XCConfigurationList section */
	};
	rootObject = 2CE5773A258106EF00B4F204 /* Project object */;
}
